// !$*UTF8*$!
{
	archiveVersion = 1;
	classes = {
	};
	objectVersion = 46;
	objects = {

/* Begin PBXBuildFile section */
		637AFFA61F3C86C200235578 /* AssetManager.swift in Sources */ = {isa = PBXBuildFile; fileRef = 637AFFA41F3C86C200235578 /* AssetManager.swift */; };
		637AFFA71F3C86C200235578 /* CameraMan.swift in Sources */ = {isa = PBXBuildFile; fileRef = 637AFFA51F3C86C200235578 /* CameraMan.swift */; };
		637AFFA91F3C872C00235578 /* Helper.swift in Sources */ = {isa = PBXBuildFile; fileRef = 637AFFA81F3C872C00235578 /* Helper.swift */; };
		637AFFAB1F3C88A500235578 /* MSCameraGallery.storyboard in Resources */ = {isa = PBXBuildFile; fileRef = 637AFFAA1F3C88A500235578 /* MSCameraGallery.storyboard */; };
		637AFFAF1F3C892F00235578 /* ImageCollectionCell.swift in Sources */ = {isa = PBXBuildFile; fileRef = 637AFFAD1F3C892F00235578 /* ImageCollectionCell.swift */; };
		637AFFB01F3C892F00235578 /* ImageCollectionCell.xib in Resources */ = {isa = PBXBuildFile; fileRef = 637AFFAE1F3C892F00235578 /* ImageCollectionCell.xib */; };
		637AFFB21F3C8E0600235578 /* MSCameraGallery.swift in Sources */ = {isa = PBXBuildFile; fileRef = 637AFFB11F3C8E0600235578 /* MSCameraGallery.swift */; };
		637AFFB51F3C989900235578 /* GalleryImageView.swift in Sources */ = {isa = PBXBuildFile; fileRef = 637AFFB41F3C989900235578 /* GalleryImageView.swift */; };
		637AFFB71F3C9BA300235578 /* GalleryImageView.xib in Resources */ = {isa = PBXBuildFile; fileRef = 637AFFB61F3C9BA300235578 /* GalleryImageView.xib */; };
		6397974F1F3C23D400A841F4 /* OfferVC.swift in Sources */ = {isa = PBXBuildFile; fileRef = 6397974E1F3C23D400A841F4 /* OfferVC.swift */; };
		639797511F3C241300A841F4 /* MyPageVC.swift in Sources */ = {isa = PBXBuildFile; fileRef = 639797501F3C241300A841F4 /* MyPageVC.swift */; };
		639797531F3C242300A841F4 /* MessageVC.swift in Sources */ = {isa = PBXBuildFile; fileRef = 639797521F3C242300A841F4 /* MessageVC.swift */; };
		639797561F3C377000A841F4 /* MSTabBarController.swift in Sources */ = {isa = PBXBuildFile; fileRef = 639797551F3C377000A841F4 /* MSTabBarController.swift */; };
		639954391F29AAC90025E9C6 /* Main.storyboard in Resources */ = {isa = PBXBuildFile; fileRef = 639954371F29AAC90025E9C6 /* Main.storyboard */; };
		6399543C1F29AAC90025E9C6 /* Drinks.xcdatamodeld in Sources */ = {isa = PBXBuildFile; fileRef = 6399543A1F29AAC90025E9C6 /* Drinks.xcdatamodeld */; };
		6399543E1F29AAC90025E9C6 /* Assets.xcassets in Resources */ = {isa = PBXBuildFile; fileRef = 6399543D1F29AAC90025E9C6 /* Assets.xcassets */; };
		639954411F29AAC90025E9C6 /* LaunchScreen.storyboard in Resources */ = {isa = PBXBuildFile; fileRef = 6399543F1F29AAC90025E9C6 /* LaunchScreen.storyboard */; };
		6399544C1F29AAC90025E9C6 /* DrinksTests.swift in Sources */ = {isa = PBXBuildFile; fileRef = 6399544B1F29AAC90025E9C6 /* DrinksTests.swift */; };
		639954571F29AACA0025E9C6 /* DrinksUITests.swift in Sources */ = {isa = PBXBuildFile; fileRef = 639954561F29AACA0025E9C6 /* DrinksUITests.swift */; };
		639954A51F29AD6F0025E9C6 /* AFHTTPRequestOperation.m in Sources */ = {isa = PBXBuildFile; fileRef = 639954671F29AD6F0025E9C6 /* AFHTTPRequestOperation.m */; };
		639954A61F29AD6F0025E9C6 /* AFHTTPRequestOperationManager.m in Sources */ = {isa = PBXBuildFile; fileRef = 639954691F29AD6F0025E9C6 /* AFHTTPRequestOperationManager.m */; };
		639954A71F29AD6F0025E9C6 /* AFHTTPSessionManager.m in Sources */ = {isa = PBXBuildFile; fileRef = 6399546B1F29AD6F0025E9C6 /* AFHTTPSessionManager.m */; };
		639954A81F29AD6F0025E9C6 /* AFNetworkReachabilityManager.m in Sources */ = {isa = PBXBuildFile; fileRef = 6399546E1F29AD6F0025E9C6 /* AFNetworkReachabilityManager.m */; };
		639954A91F29AD6F0025E9C6 /* AFSecurityPolicy.m in Sources */ = {isa = PBXBuildFile; fileRef = 639954701F29AD6F0025E9C6 /* AFSecurityPolicy.m */; };
		639954AA1F29AD6F0025E9C6 /* AFURLConnectionOperation.m in Sources */ = {isa = PBXBuildFile; fileRef = 639954721F29AD6F0025E9C6 /* AFURLConnectionOperation.m */; };
		639954AB1F29AD6F0025E9C6 /* AFURLRequestSerialization.m in Sources */ = {isa = PBXBuildFile; fileRef = 639954741F29AD6F0025E9C6 /* AFURLRequestSerialization.m */; };
		639954AC1F29AD6F0025E9C6 /* AFURLResponseSerialization.m in Sources */ = {isa = PBXBuildFile; fileRef = 639954761F29AD6F0025E9C6 /* AFURLResponseSerialization.m */; };
		639954AD1F29AD6F0025E9C6 /* AFURLSessionManager.m in Sources */ = {isa = PBXBuildFile; fileRef = 639954781F29AD6F0025E9C6 /* AFURLSessionManager.m */; };
		639954AE1F29AD6F0025E9C6 /* FBSDKCoreKit.framework in Frameworks */ = {isa = PBXBuildFile; fileRef = 6399547A1F29AD6F0025E9C6 /* FBSDKCoreKit.framework */; };
		639954AF1F29AD6F0025E9C6 /* FBSDKLoginKit.framework in Frameworks */ = {isa = PBXBuildFile; fileRef = 6399547B1F29AD6F0025E9C6 /* FBSDKLoginKit.framework */; };
		639954B01F29AD6F0025E9C6 /* FBSDKShareKit.framework in Frameworks */ = {isa = PBXBuildFile; fileRef = 6399547C1F29AD6F0025E9C6 /* FBSDKShareKit.framework */; };
		639954B61F29AD6F0025E9C6 /* NSData+ImageContentType.m in Sources */ = {isa = PBXBuildFile; fileRef = 639954851F29AD6F0025E9C6 /* NSData+ImageContentType.m */; };
		639954B71F29AD6F0025E9C6 /* SDImageCache.m in Sources */ = {isa = PBXBuildFile; fileRef = 639954871F29AD6F0025E9C6 /* SDImageCache.m */; };
		639954B81F29AD6F0025E9C6 /* SDWebImageCompat.m in Sources */ = {isa = PBXBuildFile; fileRef = 639954891F29AD6F0025E9C6 /* SDWebImageCompat.m */; };
		639954B91F29AD700025E9C6 /* SDWebImageDecoder.m in Sources */ = {isa = PBXBuildFile; fileRef = 6399548B1F29AD6F0025E9C6 /* SDWebImageDecoder.m */; };
		639954BA1F29AD700025E9C6 /* SDWebImageDownloader.m in Sources */ = {isa = PBXBuildFile; fileRef = 6399548D1F29AD6F0025E9C6 /* SDWebImageDownloader.m */; };
		639954BB1F29AD700025E9C6 /* SDWebImageDownloaderOperation.m in Sources */ = {isa = PBXBuildFile; fileRef = 6399548F1F29AD6F0025E9C6 /* SDWebImageDownloaderOperation.m */; };
		639954BC1F29AD700025E9C6 /* SDWebImageManager.m in Sources */ = {isa = PBXBuildFile; fileRef = 639954911F29AD6F0025E9C6 /* SDWebImageManager.m */; };
		639954BD1F29AD700025E9C6 /* SDWebImagePrefetcher.m in Sources */ = {isa = PBXBuildFile; fileRef = 639954941F29AD6F0025E9C6 /* SDWebImagePrefetcher.m */; };
		639954BE1F29AD700025E9C6 /* UIButton+WebCache.m in Sources */ = {isa = PBXBuildFile; fileRef = 639954961F29AD6F0025E9C6 /* UIButton+WebCache.m */; };
		639954BF1F29AD700025E9C6 /* UIImage+GIF.m in Sources */ = {isa = PBXBuildFile; fileRef = 639954981F29AD6F0025E9C6 /* UIImage+GIF.m */; };
		639954C01F29AD700025E9C6 /* UIImage+MultiFormat.m in Sources */ = {isa = PBXBuildFile; fileRef = 6399549A1F29AD6F0025E9C6 /* UIImage+MultiFormat.m */; };
		639954C11F29AD700025E9C6 /* UIImage+WebP.m in Sources */ = {isa = PBXBuildFile; fileRef = 6399549C1F29AD6F0025E9C6 /* UIImage+WebP.m */; };
		639954C21F29AD700025E9C6 /* UIImageView+HighlightedWebCache.m in Sources */ = {isa = PBXBuildFile; fileRef = 6399549E1F29AD6F0025E9C6 /* UIImageView+HighlightedWebCache.m */; };
		639954C31F29AD700025E9C6 /* UIImageView+WebCache.m in Sources */ = {isa = PBXBuildFile; fileRef = 639954A01F29AD6F0025E9C6 /* UIImageView+WebCache.m */; };
		639954C41F29AD700025E9C6 /* UIView+WebCacheOperation.m in Sources */ = {isa = PBXBuildFile; fileRef = 639954A21F29AD6F0025E9C6 /* UIView+WebCacheOperation.m */; };
		639954C51F29AD700025E9C6 /* SwiftLoader.swift in Sources */ = {isa = PBXBuildFile; fileRef = 639954A41F29AD6F0025E9C6 /* SwiftLoader.swift */; };
		639954CD1F29ADD20025E9C6 /* Constant.swift in Sources */ = {isa = PBXBuildFile; fileRef = 639954CC1F29ADD20025E9C6 /* Constant.swift */; };
		639954D11F29AF800025E9C6 /* AppDelegate.swift in Sources */ = {isa = PBXBuildFile; fileRef = 639954D01F29AF800025E9C6 /* AppDelegate.swift */; };
		639954D41F29B0620025E9C6 /* LandingVC.swift in Sources */ = {isa = PBXBuildFile; fileRef = 639954D31F29B0620025E9C6 /* LandingVC.swift */; };
		639954D81F29B7FB0025E9C6 /* FBManager.swift in Sources */ = {isa = PBXBuildFile; fileRef = 639954D71F29B7FB0025E9C6 /* FBManager.swift */; };
		639954DB1F29B8E90025E9C6 /* User.swift in Sources */ = {isa = PBXBuildFile; fileRef = 639954DA1F29B8E90025E9C6 /* User.swift */; };
		639954E31F29CDE70025E9C6 /* Localizable.strings in Resources */ = {isa = PBXBuildFile; fileRef = 639954E51F29CDE70025E9C6 /* Localizable.strings */; };
		63996CC41F342E75008583BB /* LoginManager.swift in Sources */ = {isa = PBXBuildFile; fileRef = 63996CC31F342E75008583BB /* LoginManager.swift */; };
		63996CC71F342F2A008583BB /* Job.swift in Sources */ = {isa = PBXBuildFile; fileRef = 63996CC61F342F2A008583BB /* Job.swift */; };
		63996CCA1F343500008583BB /* HomeVC.swift in Sources */ = {isa = PBXBuildFile; fileRef = 63996CC91F343500008583BB /* HomeVC.swift */; };
		63996CCD1F346B2E008583BB /* Photos.framework in Frameworks */ = {isa = PBXBuildFile; fileRef = 63996CCC1F346B2E008583BB /* Photos.framework */; };
		63996CD11F3471BF008583BB /* NSDate+Utilities.m in Sources */ = {isa = PBXBuildFile; fileRef = 63996CD01F3471BF008583BB /* NSDate+Utilities.m */; };
		639F824B1F3D674B00BAFFED /* Permissions.swift in Sources */ = {isa = PBXBuildFile; fileRef = 639F824A1F3D674B00BAFFED /* Permissions.swift */; };
		639F824E1F3DBA2400BAFFED /* CreateGroupVC.swift in Sources */ = {isa = PBXBuildFile; fileRef = 639F824D1F3DBA2400BAFFED /* CreateGroupVC.swift */; };
		639F82521F3DC32E00BAFFED /* SelectPhotoVC.swift in Sources */ = {isa = PBXBuildFile; fileRef = 639F82501F3DC32E00BAFFED /* SelectPhotoVC.swift */; };
		639F82531F3DC32E00BAFFED /* SelectPhotoVC.xib in Resources */ = {isa = PBXBuildFile; fileRef = 639F82511F3DC32E00BAFFED /* SelectPhotoVC.xib */; };
		639F82561F3DC48A00BAFFED /* LocationCell.swift in Sources */ = {isa = PBXBuildFile; fileRef = 639F82541F3DC48A00BAFFED /* LocationCell.swift */; };
		639F82571F3DC48A00BAFFED /* LocationCell.xib in Resources */ = {isa = PBXBuildFile; fileRef = 639F82551F3DC48A00BAFFED /* LocationCell.xib */; };
		639F825A1F3DD00600BAFFED /* InfoCell.swift in Sources */ = {isa = PBXBuildFile; fileRef = 639F82581F3DD00600BAFFED /* InfoCell.swift */; };
		639F825B1F3DD00600BAFFED /* InfoCell.xib in Resources */ = {isa = PBXBuildFile; fileRef = 639F82591F3DD00600BAFFED /* InfoCell.xib */; };
		63A995171F349F69005DDFA4 /* GroupCell.swift in Sources */ = {isa = PBXBuildFile; fileRef = 63A995151F349F69005DDFA4 /* GroupCell.swift */; };
		63A995181F349F69005DDFA4 /* GroupCell.xib in Resources */ = {isa = PBXBuildFile; fileRef = 63A995161F349F69005DDFA4 /* GroupCell.xib */; };
		63A9951C1F349FD9005DDFA4 /* TutorialCell.swift in Sources */ = {isa = PBXBuildFile; fileRef = 63A9951A1F349FD9005DDFA4 /* TutorialCell.swift */; };
		63A9951D1F349FD9005DDFA4 /* TutorialCell.xib in Resources */ = {isa = PBXBuildFile; fileRef = 63A9951B1F349FD9005DDFA4 /* TutorialCell.xib */; };
		63B86B451F46C1C200E3CA55 /* ProfileGroupOwnerVC.swift in Sources */ = {isa = PBXBuildFile; fileRef = 63B86B441F46C1C200E3CA55 /* ProfileGroupOwnerVC.swift */; };
		63B86B491F46C6CC00E3CA55 /* ProfileGroupOwnerCell.swift in Sources */ = {isa = PBXBuildFile; fileRef = 63B86B471F46C6CC00E3CA55 /* ProfileGroupOwnerCell.swift */; };
		63B86B4A1F46C6CC00E3CA55 /* ProfileGroupOwnerCell.xib in Resources */ = {isa = PBXBuildFile; fileRef = 63B86B481F46C6CC00E3CA55 /* ProfileGroupOwnerCell.xib */; };
		63B86B4D1F46CC8800E3CA55 /* OwnerInfoCell.swift in Sources */ = {isa = PBXBuildFile; fileRef = 63B86B4B1F46CC8800E3CA55 /* OwnerInfoCell.swift */; };
		63B86B4E1F46CC8800E3CA55 /* OwnerInfoCell.xib in Resources */ = {isa = PBXBuildFile; fileRef = 63B86B4C1F46CC8800E3CA55 /* OwnerInfoCell.xib */; };
		63B86B511F46EDE800E3CA55 /* FilterVC.swift in Sources */ = {isa = PBXBuildFile; fileRef = 63B86B501F46EDE800E3CA55 /* FilterVC.swift */; };
		63B86B551F46F74800E3CA55 /* FilterOptionCell.swift in Sources */ = {isa = PBXBuildFile; fileRef = 63B86B531F46F74800E3CA55 /* FilterOptionCell.swift */; };
		63B86B561F46F74800E3CA55 /* FilterOptionCell.xib in Resources */ = {isa = PBXBuildFile; fileRef = 63B86B541F46F74800E3CA55 /* FilterOptionCell.xib */; };
		63B86B591F46FA2F00E3CA55 /* FilterActionCell.swift in Sources */ = {isa = PBXBuildFile; fileRef = 63B86B571F46FA2F00E3CA55 /* FilterActionCell.swift */; };
		63B86B5A1F46FA2F00E3CA55 /* FilterActionCell.xib in Resources */ = {isa = PBXBuildFile; fileRef = 63B86B581F46FA2F00E3CA55 /* FilterActionCell.xib */; };
		63CC43581F31B8C90015813F /* ProfileFirstVC.swift in Sources */ = {isa = PBXBuildFile; fileRef = 63CC43571F31B8C90015813F /* ProfileFirstVC.swift */; };
		63CC435A1F31B8DC0015813F /* ProfileSecondVC.swift in Sources */ = {isa = PBXBuildFile; fileRef = 63CC43591F31B8DC0015813F /* ProfileSecondVC.swift */; };
		63CD840C1F3B0B2600D9D434 /* SelectionHeader.xib in Resources */ = {isa = PBXBuildFile; fileRef = 63CD840B1F3B0B2600D9D434 /* SelectionHeader.xib */; };
		63CD840E1F3B0B9400D9D434 /* SelectionHeader.swift in Sources */ = {isa = PBXBuildFile; fileRef = 63CD840D1F3B0B9400D9D434 /* SelectionHeader.swift */; };
		63D7F17F1F32EF6D000E27AF /* SelectionVC.swift in Sources */ = {isa = PBXBuildFile; fileRef = 63D7F17E1F32EF6D000E27AF /* SelectionVC.swift */; };
		63D7F1811F32F48A000E27AF /* Utility.swift in Sources */ = {isa = PBXBuildFile; fileRef = 63D7F1801F32F48A000E27AF /* Utility.swift */; };
		63D7F1831F32F5C8000E27AF /* MSExtensions.swift in Sources */ = {isa = PBXBuildFile; fileRef = 63D7F1821F32F5C8000E27AF /* MSExtensions.swift */; };
		63D7F1891F32F79B000E27AF /* ListingCell.swift in Sources */ = {isa = PBXBuildFile; fileRef = 63D7F1871F32F79B000E27AF /* ListingCell.swift */; };
		63D7F18A1F32F79B000E27AF /* ListingCell.xib in Resources */ = {isa = PBXBuildFile; fileRef = 63D7F1881F32F79B000E27AF /* ListingCell.xib */; };
		63D7F1A31F330C13000E27AF /* IQNSArray+Sort.swift in Sources */ = {isa = PBXBuildFile; fileRef = 63D7F18D1F330C13000E27AF /* IQNSArray+Sort.swift */; };
		63D7F1A41F330C13000E27AF /* IQUIScrollView+Additions.swift in Sources */ = {isa = PBXBuildFile; fileRef = 63D7F18E1F330C13000E27AF /* IQUIScrollView+Additions.swift */; };
		63D7F1A51F330C13000E27AF /* IQUITextFieldView+Additions.swift in Sources */ = {isa = PBXBuildFile; fileRef = 63D7F18F1F330C13000E27AF /* IQUITextFieldView+Additions.swift */; };
		63D7F1A61F330C13000E27AF /* IQUIView+Hierarchy.swift in Sources */ = {isa = PBXBuildFile; fileRef = 63D7F1901F330C13000E27AF /* IQUIView+Hierarchy.swift */; };
		63D7F1A71F330C13000E27AF /* IQUIViewController+Additions.swift in Sources */ = {isa = PBXBuildFile; fileRef = 63D7F1911F330C13000E27AF /* IQUIViewController+Additions.swift */; };
		63D7F1A81F330C13000E27AF /* IQUIWindow+Hierarchy.swift in Sources */ = {isa = PBXBuildFile; fileRef = 63D7F1921F330C13000E27AF /* IQUIWindow+Hierarchy.swift */; };
		63D7F1A91F330C13000E27AF /* IQKeyboardManagerConstants.swift in Sources */ = {isa = PBXBuildFile; fileRef = 63D7F1941F330C13000E27AF /* IQKeyboardManagerConstants.swift */; };
		63D7F1AA1F330C13000E27AF /* IQKeyboardManagerConstantsInternal.swift in Sources */ = {isa = PBXBuildFile; fileRef = 63D7F1951F330C13000E27AF /* IQKeyboardManagerConstantsInternal.swift */; };
		63D7F1AB1F330C13000E27AF /* IQKeyboardManager.swift in Sources */ = {isa = PBXBuildFile; fileRef = 63D7F1961F330C13000E27AF /* IQKeyboardManager.swift */; };
		63D7F1AC1F330C13000E27AF /* IQKeyboardReturnKeyHandler.swift in Sources */ = {isa = PBXBuildFile; fileRef = 63D7F1981F330C13000E27AF /* IQKeyboardReturnKeyHandler.swift */; };
		63D7F1AD1F330C13000E27AF /* IQTextView.swift in Sources */ = {isa = PBXBuildFile; fileRef = 63D7F19A1F330C13000E27AF /* IQTextView.swift */; };
		63D7F1AE1F330C13000E27AF /* IQBarButtonItem.swift in Sources */ = {isa = PBXBuildFile; fileRef = 63D7F19C1F330C13000E27AF /* IQBarButtonItem.swift */; };
		63D7F1AF1F330C13000E27AF /* IQPreviousNextView.swift in Sources */ = {isa = PBXBuildFile; fileRef = 63D7F19D1F330C13000E27AF /* IQPreviousNextView.swift */; };
		63D7F1B01F330C13000E27AF /* IQTitleBarButtonItem.swift in Sources */ = {isa = PBXBuildFile; fileRef = 63D7F19E1F330C13000E27AF /* IQTitleBarButtonItem.swift */; };
		63D7F1B11F330C13000E27AF /* IQToolbar.swift in Sources */ = {isa = PBXBuildFile; fileRef = 63D7F19F1F330C13000E27AF /* IQToolbar.swift */; };
		63D7F1B21F330C13000E27AF /* IQUIView+IQKeyboardToolbar.swift in Sources */ = {isa = PBXBuildFile; fileRef = 63D7F1A01F330C13000E27AF /* IQUIView+IQKeyboardToolbar.swift */; };
		63D7F1B31F330C13000E27AF /* IQKeyboardManager.bundle in Resources */ = {isa = PBXBuildFile; fileRef = 63D7F1A21F330C13000E27AF /* IQKeyboardManager.bundle */; };
		63D7F1B71F330D1C000E27AF /* HTTPRequest.swift in Sources */ = {isa = PBXBuildFile; fileRef = 63D7F1B61F330D1C000E27AF /* HTTPRequest.swift */; };
		63D7F1BA1F331014000E27AF /* MSImage.swift in Sources */ = {isa = PBXBuildFile; fileRef = 63D7F1B91F331014000E27AF /* MSImage.swift */; };
		63ED46891F45964B00B60BB1 /* GroupDetailsVC.swift in Sources */ = {isa = PBXBuildFile; fileRef = 63ED46881F45964B00B60BB1 /* GroupDetailsVC.swift */; };
		63ED468D1F4596DA00B60BB1 /* GroupImageCell.swift in Sources */ = {isa = PBXBuildFile; fileRef = 63ED468B1F4596DA00B60BB1 /* GroupImageCell.swift */; };
		63ED468E1F4596DA00B60BB1 /* GroupImageCell.xib in Resources */ = {isa = PBXBuildFile; fileRef = 63ED468C1F4596DA00B60BB1 /* GroupImageCell.xib */; };
		63ED46911F45A04800B60BB1 /* DescriptionCell.swift in Sources */ = {isa = PBXBuildFile; fileRef = 63ED468F1F45A04800B60BB1 /* DescriptionCell.swift */; };
		63ED46921F45A04800B60BB1 /* DescriptionCell.xib in Resources */ = {isa = PBXBuildFile; fileRef = 63ED46901F45A04800B60BB1 /* DescriptionCell.xib */; };
		63ED46951F45A44B00B60BB1 /* GroupLocationCell.swift in Sources */ = {isa = PBXBuildFile; fileRef = 63ED46931F45A44B00B60BB1 /* GroupLocationCell.swift */; };
		63ED46961F45A44B00B60BB1 /* GroupLocationCell.xib in Resources */ = {isa = PBXBuildFile; fileRef = 63ED46941F45A44B00B60BB1 /* GroupLocationCell.xib */; };
		63ED46991F45A9CC00B60BB1 /* GroupOwnerCell.swift in Sources */ = {isa = PBXBuildFile; fileRef = 63ED46971F45A9CC00B60BB1 /* GroupOwnerCell.swift */; };
		63ED469A1F45A9CC00B60BB1 /* GroupOwnerCell.xib in Resources */ = {isa = PBXBuildFile; fileRef = 63ED46981F45A9CC00B60BB1 /* GroupOwnerCell.xib */; };
		63ED469D1F45AED400B60BB1 /* GroupConditionCell.swift in Sources */ = {isa = PBXBuildFile; fileRef = 63ED469B1F45AED400B60BB1 /* GroupConditionCell.swift */; };
		63ED469E1F45AED400B60BB1 /* GroupConditionCell.xib in Resources */ = {isa = PBXBuildFile; fileRef = 63ED469C1F45AED400B60BB1 /* GroupConditionCell.xib */; };
		63F35CAC1F415EB0001600D4 /* OwnerCell.swift in Sources */ = {isa = PBXBuildFile; fileRef = 63F35CAA1F415EB0001600D4 /* OwnerCell.swift */; };
		63F35CAD1F415EB0001600D4 /* OwnerCell.xib in Resources */ = {isa = PBXBuildFile; fileRef = 63F35CAB1F415EB0001600D4 /* OwnerCell.xib */; };
		63F35CB91F4168A2001600D4 /* GroupFooterView.swift in Sources */ = {isa = PBXBuildFile; fileRef = 63F35CB81F4168A2001600D4 /* GroupFooterView.swift */; };
		63F35CBB1F4168AC001600D4 /* GroupFooterView.xib in Resources */ = {isa = PBXBuildFile; fileRef = 63F35CBA1F4168AC001600D4 /* GroupFooterView.xib */; };
		63F35CBE1F417440001600D4 /* GroupInfoCell.swift in Sources */ = {isa = PBXBuildFile; fileRef = 63F35CBC1F417440001600D4 /* GroupInfoCell.swift */; };
		63F35CBF1F417440001600D4 /* GroupInfoCell.xib in Resources */ = {isa = PBXBuildFile; fileRef = 63F35CBD1F417440001600D4 /* GroupInfoCell.xib */; };
		63F35CC21F418270001600D4 /* Group.swift in Sources */ = {isa = PBXBuildFile; fileRef = 63F35CC11F418270001600D4 /* Group.swift */; };
		63F35CC51F418FDF001600D4 /* AddMoreCell.swift in Sources */ = {isa = PBXBuildFile; fileRef = 63F35CC31F418FDF001600D4 /* AddMoreCell.swift */; };
		63F35CC61F418FDF001600D4 /* AddMoreCell.xib in Resources */ = {isa = PBXBuildFile; fileRef = 63F35CC41F418FDF001600D4 /* AddMoreCell.xib */; };
/* End PBXBuildFile section */

/* Begin PBXContainerItemProxy section */
		639954481F29AAC90025E9C6 /* PBXContainerItemProxy */ = {
			isa = PBXContainerItemProxy;
			containerPortal = 639954281F29AAC90025E9C6 /* Project object */;
			proxyType = 1;
			remoteGlobalIDString = 6399542F1F29AAC90025E9C6;
			remoteInfo = Drinks;
		};
		639954531F29AAC90025E9C6 /* PBXContainerItemProxy */ = {
			isa = PBXContainerItemProxy;
			containerPortal = 639954281F29AAC90025E9C6 /* Project object */;
			proxyType = 1;
			remoteGlobalIDString = 6399542F1F29AAC90025E9C6;
			remoteInfo = Drinks;
		};
/* End PBXContainerItemProxy section */

/* Begin PBXFileReference section */
		637AFF961F3C597E00235578 /* Info.plist */ = {isa = PBXFileReference; fileEncoding = 4; lastKnownFileType = text.plist.xml; name = Info.plist; path = /Users/maninder/Documents/Drinks/Drinks/Info.plist; sourceTree = "<absolute>"; };
		637AFFA41F3C86C200235578 /* AssetManager.swift */ = {isa = PBXFileReference; fileEncoding = 4; lastKnownFileType = sourcecode.swift; path = AssetManager.swift; sourceTree = "<group>"; };
		637AFFA51F3C86C200235578 /* CameraMan.swift */ = {isa = PBXFileReference; fileEncoding = 4; lastKnownFileType = sourcecode.swift; path = CameraMan.swift; sourceTree = "<group>"; };
		637AFFA81F3C872C00235578 /* Helper.swift */ = {isa = PBXFileReference; fileEncoding = 4; lastKnownFileType = sourcecode.swift; path = Helper.swift; sourceTree = "<group>"; };
		637AFFAA1F3C88A500235578 /* MSCameraGallery.storyboard */ = {isa = PBXFileReference; fileEncoding = 4; lastKnownFileType = file.storyboard; name = MSCameraGallery.storyboard; path = ../../../../../Desktop/MSCameraGallery.storyboard; sourceTree = "<group>"; };
		637AFFAD1F3C892F00235578 /* ImageCollectionCell.swift */ = {isa = PBXFileReference; fileEncoding = 4; lastKnownFileType = sourcecode.swift; path = ImageCollectionCell.swift; sourceTree = "<group>"; };
		637AFFAE1F3C892F00235578 /* ImageCollectionCell.xib */ = {isa = PBXFileReference; fileEncoding = 4; lastKnownFileType = file.xib; path = ImageCollectionCell.xib; sourceTree = "<group>"; };
		637AFFB11F3C8E0600235578 /* MSCameraGallery.swift */ = {isa = PBXFileReference; fileEncoding = 4; lastKnownFileType = sourcecode.swift; path = MSCameraGallery.swift; sourceTree = "<group>"; };
		637AFFB41F3C989900235578 /* GalleryImageView.swift */ = {isa = PBXFileReference; fileEncoding = 4; lastKnownFileType = sourcecode.swift; path = GalleryImageView.swift; sourceTree = "<group>"; };
		637AFFB61F3C9BA300235578 /* GalleryImageView.xib */ = {isa = PBXFileReference; fileEncoding = 4; lastKnownFileType = file.xib; path = GalleryImageView.xib; sourceTree = "<group>"; };
		6397974E1F3C23D400A841F4 /* OfferVC.swift */ = {isa = PBXFileReference; fileEncoding = 4; lastKnownFileType = sourcecode.swift; path = OfferVC.swift; sourceTree = "<group>"; };
		639797501F3C241300A841F4 /* MyPageVC.swift */ = {isa = PBXFileReference; fileEncoding = 4; lastKnownFileType = sourcecode.swift; path = MyPageVC.swift; sourceTree = "<group>"; };
		639797521F3C242300A841F4 /* MessageVC.swift */ = {isa = PBXFileReference; fileEncoding = 4; lastKnownFileType = sourcecode.swift; path = MessageVC.swift; sourceTree = "<group>"; };
		639797551F3C377000A841F4 /* MSTabBarController.swift */ = {isa = PBXFileReference; fileEncoding = 4; lastKnownFileType = sourcecode.swift; path = MSTabBarController.swift; sourceTree = "<group>"; };
		639954301F29AAC90025E9C6 /* Drinks.app */ = {isa = PBXFileReference; explicitFileType = wrapper.application; includeInIndex = 0; path = Drinks.app; sourceTree = BUILT_PRODUCTS_DIR; };
		639954381F29AAC90025E9C6 /* Base */ = {isa = PBXFileReference; lastKnownFileType = file.storyboard; name = Base; path = Base.lproj/Main.storyboard; sourceTree = "<group>"; };
		6399543B1F29AAC90025E9C6 /* Drinks.xcdatamodel */ = {isa = PBXFileReference; lastKnownFileType = wrapper.xcdatamodel; path = Drinks.xcdatamodel; sourceTree = "<group>"; };
		6399543D1F29AAC90025E9C6 /* Assets.xcassets */ = {isa = PBXFileReference; lastKnownFileType = folder.assetcatalog; path = Assets.xcassets; sourceTree = "<group>"; };
		639954401F29AAC90025E9C6 /* Base */ = {isa = PBXFileReference; lastKnownFileType = file.storyboard; name = Base; path = Base.lproj/LaunchScreen.storyboard; sourceTree = "<group>"; };
		639954471F29AAC90025E9C6 /* DrinksTests.xctest */ = {isa = PBXFileReference; explicitFileType = wrapper.cfbundle; includeInIndex = 0; path = DrinksTests.xctest; sourceTree = BUILT_PRODUCTS_DIR; };
		6399544B1F29AAC90025E9C6 /* DrinksTests.swift */ = {isa = PBXFileReference; lastKnownFileType = sourcecode.swift; path = DrinksTests.swift; sourceTree = "<group>"; };
		6399544D1F29AAC90025E9C6 /* Info.plist */ = {isa = PBXFileReference; lastKnownFileType = text.plist.xml; path = Info.plist; sourceTree = "<group>"; };
		639954521F29AAC90025E9C6 /* DrinksUITests.xctest */ = {isa = PBXFileReference; explicitFileType = wrapper.cfbundle; includeInIndex = 0; path = DrinksUITests.xctest; sourceTree = BUILT_PRODUCTS_DIR; };
		639954561F29AACA0025E9C6 /* DrinksUITests.swift */ = {isa = PBXFileReference; lastKnownFileType = sourcecode.swift; path = DrinksUITests.swift; sourceTree = "<group>"; };
		639954581F29AACA0025E9C6 /* Info.plist */ = {isa = PBXFileReference; lastKnownFileType = text.plist.xml; path = Info.plist; sourceTree = "<group>"; };
		639954661F29AD6F0025E9C6 /* AFHTTPRequestOperation.h */ = {isa = PBXFileReference; fileEncoding = 4; lastKnownFileType = sourcecode.c.h; path = AFHTTPRequestOperation.h; sourceTree = "<group>"; };
		639954671F29AD6F0025E9C6 /* AFHTTPRequestOperation.m */ = {isa = PBXFileReference; fileEncoding = 4; lastKnownFileType = sourcecode.c.objc; path = AFHTTPRequestOperation.m; sourceTree = "<group>"; };
		639954681F29AD6F0025E9C6 /* AFHTTPRequestOperationManager.h */ = {isa = PBXFileReference; fileEncoding = 4; lastKnownFileType = sourcecode.c.h; path = AFHTTPRequestOperationManager.h; sourceTree = "<group>"; };
		639954691F29AD6F0025E9C6 /* AFHTTPRequestOperationManager.m */ = {isa = PBXFileReference; fileEncoding = 4; lastKnownFileType = sourcecode.c.objc; path = AFHTTPRequestOperationManager.m; sourceTree = "<group>"; };
		6399546A1F29AD6F0025E9C6 /* AFHTTPSessionManager.h */ = {isa = PBXFileReference; fileEncoding = 4; lastKnownFileType = sourcecode.c.h; path = AFHTTPSessionManager.h; sourceTree = "<group>"; };
		6399546B1F29AD6F0025E9C6 /* AFHTTPSessionManager.m */ = {isa = PBXFileReference; fileEncoding = 4; lastKnownFileType = sourcecode.c.objc; path = AFHTTPSessionManager.m; sourceTree = "<group>"; };
		6399546C1F29AD6F0025E9C6 /* AFNetworking.h */ = {isa = PBXFileReference; fileEncoding = 4; lastKnownFileType = sourcecode.c.h; path = AFNetworking.h; sourceTree = "<group>"; };
		6399546D1F29AD6F0025E9C6 /* AFNetworkReachabilityManager.h */ = {isa = PBXFileReference; fileEncoding = 4; lastKnownFileType = sourcecode.c.h; path = AFNetworkReachabilityManager.h; sourceTree = "<group>"; };
		6399546E1F29AD6F0025E9C6 /* AFNetworkReachabilityManager.m */ = {isa = PBXFileReference; fileEncoding = 4; lastKnownFileType = sourcecode.c.objc; path = AFNetworkReachabilityManager.m; sourceTree = "<group>"; };
		6399546F1F29AD6F0025E9C6 /* AFSecurityPolicy.h */ = {isa = PBXFileReference; fileEncoding = 4; lastKnownFileType = sourcecode.c.h; path = AFSecurityPolicy.h; sourceTree = "<group>"; };
		639954701F29AD6F0025E9C6 /* AFSecurityPolicy.m */ = {isa = PBXFileReference; fileEncoding = 4; lastKnownFileType = sourcecode.c.objc; path = AFSecurityPolicy.m; sourceTree = "<group>"; };
		639954711F29AD6F0025E9C6 /* AFURLConnectionOperation.h */ = {isa = PBXFileReference; fileEncoding = 4; lastKnownFileType = sourcecode.c.h; path = AFURLConnectionOperation.h; sourceTree = "<group>"; };
		639954721F29AD6F0025E9C6 /* AFURLConnectionOperation.m */ = {isa = PBXFileReference; fileEncoding = 4; lastKnownFileType = sourcecode.c.objc; path = AFURLConnectionOperation.m; sourceTree = "<group>"; };
		639954731F29AD6F0025E9C6 /* AFURLRequestSerialization.h */ = {isa = PBXFileReference; fileEncoding = 4; lastKnownFileType = sourcecode.c.h; path = AFURLRequestSerialization.h; sourceTree = "<group>"; };
		639954741F29AD6F0025E9C6 /* AFURLRequestSerialization.m */ = {isa = PBXFileReference; fileEncoding = 4; lastKnownFileType = sourcecode.c.objc; path = AFURLRequestSerialization.m; sourceTree = "<group>"; };
		639954751F29AD6F0025E9C6 /* AFURLResponseSerialization.h */ = {isa = PBXFileReference; fileEncoding = 4; lastKnownFileType = sourcecode.c.h; path = AFURLResponseSerialization.h; sourceTree = "<group>"; };
		639954761F29AD6F0025E9C6 /* AFURLResponseSerialization.m */ = {isa = PBXFileReference; fileEncoding = 4; lastKnownFileType = sourcecode.c.objc; path = AFURLResponseSerialization.m; sourceTree = "<group>"; };
		639954771F29AD6F0025E9C6 /* AFURLSessionManager.h */ = {isa = PBXFileReference; fileEncoding = 4; lastKnownFileType = sourcecode.c.h; path = AFURLSessionManager.h; sourceTree = "<group>"; };
		639954781F29AD6F0025E9C6 /* AFURLSessionManager.m */ = {isa = PBXFileReference; fileEncoding = 4; lastKnownFileType = sourcecode.c.objc; path = AFURLSessionManager.m; sourceTree = "<group>"; };
		6399547A1F29AD6F0025E9C6 /* FBSDKCoreKit.framework */ = {isa = PBXFileReference; lastKnownFileType = wrapper.framework; path = FBSDKCoreKit.framework; sourceTree = "<group>"; };
		6399547B1F29AD6F0025E9C6 /* FBSDKLoginKit.framework */ = {isa = PBXFileReference; lastKnownFileType = wrapper.framework; path = FBSDKLoginKit.framework; sourceTree = "<group>"; };
		6399547C1F29AD6F0025E9C6 /* FBSDKShareKit.framework */ = {isa = PBXFileReference; lastKnownFileType = wrapper.framework; path = FBSDKShareKit.framework; sourceTree = "<group>"; };
		639954841F29AD6F0025E9C6 /* NSData+ImageContentType.h */ = {isa = PBXFileReference; fileEncoding = 4; lastKnownFileType = sourcecode.c.h; path = "NSData+ImageContentType.h"; sourceTree = "<group>"; };
		639954851F29AD6F0025E9C6 /* NSData+ImageContentType.m */ = {isa = PBXFileReference; fileEncoding = 4; lastKnownFileType = sourcecode.c.objc; path = "NSData+ImageContentType.m"; sourceTree = "<group>"; };
		639954861F29AD6F0025E9C6 /* SDImageCache.h */ = {isa = PBXFileReference; fileEncoding = 4; lastKnownFileType = sourcecode.c.h; path = SDImageCache.h; sourceTree = "<group>"; };
		639954871F29AD6F0025E9C6 /* SDImageCache.m */ = {isa = PBXFileReference; fileEncoding = 4; lastKnownFileType = sourcecode.c.objc; path = SDImageCache.m; sourceTree = "<group>"; };
		639954881F29AD6F0025E9C6 /* SDWebImageCompat.h */ = {isa = PBXFileReference; fileEncoding = 4; lastKnownFileType = sourcecode.c.h; path = SDWebImageCompat.h; sourceTree = "<group>"; };
		639954891F29AD6F0025E9C6 /* SDWebImageCompat.m */ = {isa = PBXFileReference; fileEncoding = 4; lastKnownFileType = sourcecode.c.objc; path = SDWebImageCompat.m; sourceTree = "<group>"; };
		6399548A1F29AD6F0025E9C6 /* SDWebImageDecoder.h */ = {isa = PBXFileReference; fileEncoding = 4; lastKnownFileType = sourcecode.c.h; path = SDWebImageDecoder.h; sourceTree = "<group>"; };
		6399548B1F29AD6F0025E9C6 /* SDWebImageDecoder.m */ = {isa = PBXFileReference; fileEncoding = 4; lastKnownFileType = sourcecode.c.objc; path = SDWebImageDecoder.m; sourceTree = "<group>"; };
		6399548C1F29AD6F0025E9C6 /* SDWebImageDownloader.h */ = {isa = PBXFileReference; fileEncoding = 4; lastKnownFileType = sourcecode.c.h; path = SDWebImageDownloader.h; sourceTree = "<group>"; };
		6399548D1F29AD6F0025E9C6 /* SDWebImageDownloader.m */ = {isa = PBXFileReference; fileEncoding = 4; lastKnownFileType = sourcecode.c.objc; path = SDWebImageDownloader.m; sourceTree = "<group>"; };
		6399548E1F29AD6F0025E9C6 /* SDWebImageDownloaderOperation.h */ = {isa = PBXFileReference; fileEncoding = 4; lastKnownFileType = sourcecode.c.h; path = SDWebImageDownloaderOperation.h; sourceTree = "<group>"; };
		6399548F1F29AD6F0025E9C6 /* SDWebImageDownloaderOperation.m */ = {isa = PBXFileReference; fileEncoding = 4; lastKnownFileType = sourcecode.c.objc; path = SDWebImageDownloaderOperation.m; sourceTree = "<group>"; };
		639954901F29AD6F0025E9C6 /* SDWebImageManager.h */ = {isa = PBXFileReference; fileEncoding = 4; lastKnownFileType = sourcecode.c.h; path = SDWebImageManager.h; sourceTree = "<group>"; };
		639954911F29AD6F0025E9C6 /* SDWebImageManager.m */ = {isa = PBXFileReference; fileEncoding = 4; lastKnownFileType = sourcecode.c.objc; path = SDWebImageManager.m; sourceTree = "<group>"; };
		639954921F29AD6F0025E9C6 /* SDWebImageOperation.h */ = {isa = PBXFileReference; fileEncoding = 4; lastKnownFileType = sourcecode.c.h; path = SDWebImageOperation.h; sourceTree = "<group>"; };
		639954931F29AD6F0025E9C6 /* SDWebImagePrefetcher.h */ = {isa = PBXFileReference; fileEncoding = 4; lastKnownFileType = sourcecode.c.h; path = SDWebImagePrefetcher.h; sourceTree = "<group>"; };
		639954941F29AD6F0025E9C6 /* SDWebImagePrefetcher.m */ = {isa = PBXFileReference; fileEncoding = 4; lastKnownFileType = sourcecode.c.objc; path = SDWebImagePrefetcher.m; sourceTree = "<group>"; };
		639954951F29AD6F0025E9C6 /* UIButton+WebCache.h */ = {isa = PBXFileReference; fileEncoding = 4; lastKnownFileType = sourcecode.c.h; path = "UIButton+WebCache.h"; sourceTree = "<group>"; };
		639954961F29AD6F0025E9C6 /* UIButton+WebCache.m */ = {isa = PBXFileReference; fileEncoding = 4; lastKnownFileType = sourcecode.c.objc; path = "UIButton+WebCache.m"; sourceTree = "<group>"; };
		639954971F29AD6F0025E9C6 /* UIImage+GIF.h */ = {isa = PBXFileReference; fileEncoding = 4; lastKnownFileType = sourcecode.c.h; path = "UIImage+GIF.h"; sourceTree = "<group>"; };
		639954981F29AD6F0025E9C6 /* UIImage+GIF.m */ = {isa = PBXFileReference; fileEncoding = 4; lastKnownFileType = sourcecode.c.objc; path = "UIImage+GIF.m"; sourceTree = "<group>"; };
		639954991F29AD6F0025E9C6 /* UIImage+MultiFormat.h */ = {isa = PBXFileReference; fileEncoding = 4; lastKnownFileType = sourcecode.c.h; path = "UIImage+MultiFormat.h"; sourceTree = "<group>"; };
		6399549A1F29AD6F0025E9C6 /* UIImage+MultiFormat.m */ = {isa = PBXFileReference; fileEncoding = 4; lastKnownFileType = sourcecode.c.objc; path = "UIImage+MultiFormat.m"; sourceTree = "<group>"; };
		6399549B1F29AD6F0025E9C6 /* UIImage+WebP.h */ = {isa = PBXFileReference; fileEncoding = 4; lastKnownFileType = sourcecode.c.h; path = "UIImage+WebP.h"; sourceTree = "<group>"; };
		6399549C1F29AD6F0025E9C6 /* UIImage+WebP.m */ = {isa = PBXFileReference; fileEncoding = 4; lastKnownFileType = sourcecode.c.objc; path = "UIImage+WebP.m"; sourceTree = "<group>"; };
		6399549D1F29AD6F0025E9C6 /* UIImageView+HighlightedWebCache.h */ = {isa = PBXFileReference; fileEncoding = 4; lastKnownFileType = sourcecode.c.h; path = "UIImageView+HighlightedWebCache.h"; sourceTree = "<group>"; };
		6399549E1F29AD6F0025E9C6 /* UIImageView+HighlightedWebCache.m */ = {isa = PBXFileReference; fileEncoding = 4; lastKnownFileType = sourcecode.c.objc; path = "UIImageView+HighlightedWebCache.m"; sourceTree = "<group>"; };
		6399549F1F29AD6F0025E9C6 /* UIImageView+WebCache.h */ = {isa = PBXFileReference; fileEncoding = 4; lastKnownFileType = sourcecode.c.h; path = "UIImageView+WebCache.h"; sourceTree = "<group>"; };
		639954A01F29AD6F0025E9C6 /* UIImageView+WebCache.m */ = {isa = PBXFileReference; fileEncoding = 4; lastKnownFileType = sourcecode.c.objc; path = "UIImageView+WebCache.m"; sourceTree = "<group>"; };
		639954A11F29AD6F0025E9C6 /* UIView+WebCacheOperation.h */ = {isa = PBXFileReference; fileEncoding = 4; lastKnownFileType = sourcecode.c.h; path = "UIView+WebCacheOperation.h"; sourceTree = "<group>"; };
		639954A21F29AD6F0025E9C6 /* UIView+WebCacheOperation.m */ = {isa = PBXFileReference; fileEncoding = 4; lastKnownFileType = sourcecode.c.objc; path = "UIView+WebCacheOperation.m"; sourceTree = "<group>"; };
		639954A41F29AD6F0025E9C6 /* SwiftLoader.swift */ = {isa = PBXFileReference; fileEncoding = 4; lastKnownFileType = sourcecode.swift; path = SwiftLoader.swift; sourceTree = "<group>"; };
		639954CC1F29ADD20025E9C6 /* Constant.swift */ = {isa = PBXFileReference; fileEncoding = 4; lastKnownFileType = sourcecode.swift; path = Constant.swift; sourceTree = "<group>"; };
		639954D01F29AF800025E9C6 /* AppDelegate.swift */ = {isa = PBXFileReference; fileEncoding = 4; lastKnownFileType = sourcecode.swift; path = AppDelegate.swift; sourceTree = "<group>"; };
		639954D31F29B0620025E9C6 /* LandingVC.swift */ = {isa = PBXFileReference; fileEncoding = 4; lastKnownFileType = sourcecode.swift; path = LandingVC.swift; sourceTree = "<group>"; };
		639954D71F29B7FB0025E9C6 /* FBManager.swift */ = {isa = PBXFileReference; fileEncoding = 4; lastKnownFileType = sourcecode.swift; path = FBManager.swift; sourceTree = "<group>"; };
		639954DA1F29B8E90025E9C6 /* User.swift */ = {isa = PBXFileReference; fileEncoding = 4; lastKnownFileType = sourcecode.swift; path = User.swift; sourceTree = "<group>"; };
		639954DC1F29BEE10025E9C6 /* Drinks-Bridging-Header.h */ = {isa = PBXFileReference; fileEncoding = 4; lastKnownFileType = sourcecode.c.h; name = "Drinks-Bridging-Header.h"; path = "Drinks/Drinks-Bridging-Header.h"; sourceTree = SOURCE_ROOT; };
		639954E41F29CDE70025E9C6 /* Base */ = {isa = PBXFileReference; lastKnownFileType = text.plist.strings; name = Base; path = Base.lproj/Localizable.strings; sourceTree = "<group>"; };
		6399550C1F29F78C0025E9C6 /* ja */ = {isa = PBXFileReference; lastKnownFileType = text.plist.strings; name = ja; path = ja.lproj/LaunchScreen.strings; sourceTree = "<group>"; };
		6399550D1F29F7900025E9C6 /* ja */ = {isa = PBXFileReference; lastKnownFileType = text.plist.strings; name = ja; path = ja.lproj/Localizable.strings; sourceTree = "<group>"; };
		639955111F29F7CF0025E9C6 /* en */ = {isa = PBXFileReference; lastKnownFileType = text.plist.strings; name = en; path = en.lproj/LaunchScreen.strings; sourceTree = "<group>"; };
		639955121F29F7D20025E9C6 /* en */ = {isa = PBXFileReference; lastKnownFileType = text.plist.strings; name = en; path = en.lproj/Localizable.strings; sourceTree = "<group>"; };
		639955161F29FCB00025E9C6 /* en */ = {isa = PBXFileReference; lastKnownFileType = text.plist.strings; name = en; path = en.lproj/Main.strings; sourceTree = "<group>"; };
		639955171F29FCB20025E9C6 /* ja */ = {isa = PBXFileReference; lastKnownFileType = text.plist.strings; name = ja; path = ja.lproj/Main.strings; sourceTree = "<group>"; };
		63996CC31F342E75008583BB /* LoginManager.swift */ = {isa = PBXFileReference; fileEncoding = 4; lastKnownFileType = sourcecode.swift; path = LoginManager.swift; sourceTree = "<group>"; };
		63996CC61F342F2A008583BB /* Job.swift */ = {isa = PBXFileReference; fileEncoding = 4; lastKnownFileType = sourcecode.swift; path = Job.swift; sourceTree = "<group>"; };
		63996CC91F343500008583BB /* HomeVC.swift */ = {isa = PBXFileReference; fileEncoding = 4; lastKnownFileType = sourcecode.swift; path = HomeVC.swift; sourceTree = "<group>"; };
		63996CCC1F346B2E008583BB /* Photos.framework */ = {isa = PBXFileReference; lastKnownFileType = wrapper.framework; name = Photos.framework; path = System/Library/Frameworks/Photos.framework; sourceTree = SDKROOT; };
		63996CCF1F3471BF008583BB /* NSDate+Utilities.h */ = {isa = PBXFileReference; fileEncoding = 4; lastKnownFileType = sourcecode.c.h; path = "NSDate+Utilities.h"; sourceTree = "<group>"; };
		63996CD01F3471BF008583BB /* NSDate+Utilities.m */ = {isa = PBXFileReference; fileEncoding = 4; lastKnownFileType = sourcecode.c.objc; path = "NSDate+Utilities.m"; sourceTree = "<group>"; };
		639F824A1F3D674B00BAFFED /* Permissions.swift */ = {isa = PBXFileReference; fileEncoding = 4; lastKnownFileType = sourcecode.swift; path = Permissions.swift; sourceTree = "<group>"; };
		639F824D1F3DBA2400BAFFED /* CreateGroupVC.swift */ = {isa = PBXFileReference; fileEncoding = 4; lastKnownFileType = sourcecode.swift; path = CreateGroupVC.swift; sourceTree = "<group>"; };
		639F82501F3DC32E00BAFFED /* SelectPhotoVC.swift */ = {isa = PBXFileReference; fileEncoding = 4; lastKnownFileType = sourcecode.swift; path = SelectPhotoVC.swift; sourceTree = "<group>"; };
		639F82511F3DC32E00BAFFED /* SelectPhotoVC.xib */ = {isa = PBXFileReference; fileEncoding = 4; lastKnownFileType = file.xib; path = SelectPhotoVC.xib; sourceTree = "<group>"; };
		639F82541F3DC48A00BAFFED /* LocationCell.swift */ = {isa = PBXFileReference; fileEncoding = 4; lastKnownFileType = sourcecode.swift; path = LocationCell.swift; sourceTree = "<group>"; };
		639F82551F3DC48A00BAFFED /* LocationCell.xib */ = {isa = PBXFileReference; fileEncoding = 4; lastKnownFileType = file.xib; path = LocationCell.xib; sourceTree = "<group>"; };
		639F82581F3DD00600BAFFED /* InfoCell.swift */ = {isa = PBXFileReference; fileEncoding = 4; lastKnownFileType = sourcecode.swift; path = InfoCell.swift; sourceTree = "<group>"; };
		639F82591F3DD00600BAFFED /* InfoCell.xib */ = {isa = PBXFileReference; fileEncoding = 4; lastKnownFileType = file.xib; path = InfoCell.xib; sourceTree = "<group>"; };
		63A995151F349F69005DDFA4 /* GroupCell.swift */ = {isa = PBXFileReference; fileEncoding = 4; lastKnownFileType = sourcecode.swift; path = GroupCell.swift; sourceTree = "<group>"; };
		63A995161F349F69005DDFA4 /* GroupCell.xib */ = {isa = PBXFileReference; fileEncoding = 4; lastKnownFileType = file.xib; path = GroupCell.xib; sourceTree = "<group>"; };
		63A9951A1F349FD9005DDFA4 /* TutorialCell.swift */ = {isa = PBXFileReference; fileEncoding = 4; lastKnownFileType = sourcecode.swift; path = TutorialCell.swift; sourceTree = "<group>"; };
		63A9951B1F349FD9005DDFA4 /* TutorialCell.xib */ = {isa = PBXFileReference; fileEncoding = 4; lastKnownFileType = file.xib; path = TutorialCell.xib; sourceTree = "<group>"; };
		63B86B441F46C1C200E3CA55 /* ProfileGroupOwnerVC.swift */ = {isa = PBXFileReference; fileEncoding = 4; lastKnownFileType = sourcecode.swift; path = ProfileGroupOwnerVC.swift; sourceTree = "<group>"; };
		63B86B471F46C6CC00E3CA55 /* ProfileGroupOwnerCell.swift */ = {isa = PBXFileReference; fileEncoding = 4; lastKnownFileType = sourcecode.swift; path = ProfileGroupOwnerCell.swift; sourceTree = "<group>"; };
		63B86B481F46C6CC00E3CA55 /* ProfileGroupOwnerCell.xib */ = {isa = PBXFileReference; fileEncoding = 4; lastKnownFileType = file.xib; path = ProfileGroupOwnerCell.xib; sourceTree = "<group>"; };
		63B86B4B1F46CC8800E3CA55 /* OwnerInfoCell.swift */ = {isa = PBXFileReference; fileEncoding = 4; lastKnownFileType = sourcecode.swift; path = OwnerInfoCell.swift; sourceTree = "<group>"; };
		63B86B4C1F46CC8800E3CA55 /* OwnerInfoCell.xib */ = {isa = PBXFileReference; fileEncoding = 4; lastKnownFileType = file.xib; path = OwnerInfoCell.xib; sourceTree = "<group>"; };
		63B86B501F46EDE800E3CA55 /* FilterVC.swift */ = {isa = PBXFileReference; fileEncoding = 4; lastKnownFileType = sourcecode.swift; path = FilterVC.swift; sourceTree = "<group>"; };
		63B86B531F46F74800E3CA55 /* FilterOptionCell.swift */ = {isa = PBXFileReference; fileEncoding = 4; lastKnownFileType = sourcecode.swift; path = FilterOptionCell.swift; sourceTree = "<group>"; };
		63B86B541F46F74800E3CA55 /* FilterOptionCell.xib */ = {isa = PBXFileReference; fileEncoding = 4; lastKnownFileType = file.xib; path = FilterOptionCell.xib; sourceTree = "<group>"; };
		63B86B571F46FA2F00E3CA55 /* FilterActionCell.swift */ = {isa = PBXFileReference; fileEncoding = 4; lastKnownFileType = sourcecode.swift; path = FilterActionCell.swift; sourceTree = "<group>"; };
		63B86B581F46FA2F00E3CA55 /* FilterActionCell.xib */ = {isa = PBXFileReference; fileEncoding = 4; lastKnownFileType = file.xib; path = FilterActionCell.xib; sourceTree = "<group>"; };
		63CC43571F31B8C90015813F /* ProfileFirstVC.swift */ = {isa = PBXFileReference; fileEncoding = 4; lastKnownFileType = sourcecode.swift; path = ProfileFirstVC.swift; sourceTree = "<group>"; };
		63CC43591F31B8DC0015813F /* ProfileSecondVC.swift */ = {isa = PBXFileReference; fileEncoding = 4; lastKnownFileType = sourcecode.swift; path = ProfileSecondVC.swift; sourceTree = "<group>"; };
		63CC435B1F31FD8E0015813F /* Drinks.entitlements */ = {isa = PBXFileReference; lastKnownFileType = text.plist.entitlements; path = Drinks.entitlements; sourceTree = "<group>"; };
		63CD840B1F3B0B2600D9D434 /* SelectionHeader.xib */ = {isa = PBXFileReference; fileEncoding = 4; lastKnownFileType = file.xib; path = SelectionHeader.xib; sourceTree = "<group>"; };
		63CD840D1F3B0B9400D9D434 /* SelectionHeader.swift */ = {isa = PBXFileReference; fileEncoding = 4; lastKnownFileType = sourcecode.swift; path = SelectionHeader.swift; sourceTree = "<group>"; };
		63D7F17E1F32EF6D000E27AF /* SelectionVC.swift */ = {isa = PBXFileReference; fileEncoding = 4; lastKnownFileType = sourcecode.swift; path = SelectionVC.swift; sourceTree = "<group>"; };
		63D7F1801F32F48A000E27AF /* Utility.swift */ = {isa = PBXFileReference; fileEncoding = 4; lastKnownFileType = sourcecode.swift; path = Utility.swift; sourceTree = "<group>"; };
		63D7F1821F32F5C8000E27AF /* MSExtensions.swift */ = {isa = PBXFileReference; fileEncoding = 4; lastKnownFileType = sourcecode.swift; path = MSExtensions.swift; sourceTree = "<group>"; };
		63D7F1871F32F79B000E27AF /* ListingCell.swift */ = {isa = PBXFileReference; fileEncoding = 4; lastKnownFileType = sourcecode.swift; path = ListingCell.swift; sourceTree = "<group>"; };
		63D7F1881F32F79B000E27AF /* ListingCell.xib */ = {isa = PBXFileReference; fileEncoding = 4; lastKnownFileType = file.xib; path = ListingCell.xib; sourceTree = "<group>"; };
		63D7F18D1F330C13000E27AF /* IQNSArray+Sort.swift */ = {isa = PBXFileReference; fileEncoding = 4; lastKnownFileType = sourcecode.swift; path = "IQNSArray+Sort.swift"; sourceTree = "<group>"; };
		63D7F18E1F330C13000E27AF /* IQUIScrollView+Additions.swift */ = {isa = PBXFileReference; fileEncoding = 4; lastKnownFileType = sourcecode.swift; path = "IQUIScrollView+Additions.swift"; sourceTree = "<group>"; };
		63D7F18F1F330C13000E27AF /* IQUITextFieldView+Additions.swift */ = {isa = PBXFileReference; fileEncoding = 4; lastKnownFileType = sourcecode.swift; path = "IQUITextFieldView+Additions.swift"; sourceTree = "<group>"; };
		63D7F1901F330C13000E27AF /* IQUIView+Hierarchy.swift */ = {isa = PBXFileReference; fileEncoding = 4; lastKnownFileType = sourcecode.swift; path = "IQUIView+Hierarchy.swift"; sourceTree = "<group>"; };
		63D7F1911F330C13000E27AF /* IQUIViewController+Additions.swift */ = {isa = PBXFileReference; fileEncoding = 4; lastKnownFileType = sourcecode.swift; path = "IQUIViewController+Additions.swift"; sourceTree = "<group>"; };
		63D7F1921F330C13000E27AF /* IQUIWindow+Hierarchy.swift */ = {isa = PBXFileReference; fileEncoding = 4; lastKnownFileType = sourcecode.swift; path = "IQUIWindow+Hierarchy.swift"; sourceTree = "<group>"; };
		63D7F1941F330C13000E27AF /* IQKeyboardManagerConstants.swift */ = {isa = PBXFileReference; fileEncoding = 4; lastKnownFileType = sourcecode.swift; path = IQKeyboardManagerConstants.swift; sourceTree = "<group>"; };
		63D7F1951F330C13000E27AF /* IQKeyboardManagerConstantsInternal.swift */ = {isa = PBXFileReference; fileEncoding = 4; lastKnownFileType = sourcecode.swift; path = IQKeyboardManagerConstantsInternal.swift; sourceTree = "<group>"; };
		63D7F1961F330C13000E27AF /* IQKeyboardManager.swift */ = {isa = PBXFileReference; fileEncoding = 4; lastKnownFileType = sourcecode.swift; path = IQKeyboardManager.swift; sourceTree = "<group>"; };
		63D7F1971F330C13000E27AF /* IQKeyboardManagerSwift.h */ = {isa = PBXFileReference; fileEncoding = 4; lastKnownFileType = sourcecode.c.h; path = IQKeyboardManagerSwift.h; sourceTree = "<group>"; };
		63D7F1981F330C13000E27AF /* IQKeyboardReturnKeyHandler.swift */ = {isa = PBXFileReference; fileEncoding = 4; lastKnownFileType = sourcecode.swift; path = IQKeyboardReturnKeyHandler.swift; sourceTree = "<group>"; };
		63D7F19A1F330C13000E27AF /* IQTextView.swift */ = {isa = PBXFileReference; fileEncoding = 4; lastKnownFileType = sourcecode.swift; path = IQTextView.swift; sourceTree = "<group>"; };
		63D7F19C1F330C13000E27AF /* IQBarButtonItem.swift */ = {isa = PBXFileReference; fileEncoding = 4; lastKnownFileType = sourcecode.swift; path = IQBarButtonItem.swift; sourceTree = "<group>"; };
		63D7F19D1F330C13000E27AF /* IQPreviousNextView.swift */ = {isa = PBXFileReference; fileEncoding = 4; lastKnownFileType = sourcecode.swift; path = IQPreviousNextView.swift; sourceTree = "<group>"; };
		63D7F19E1F330C13000E27AF /* IQTitleBarButtonItem.swift */ = {isa = PBXFileReference; fileEncoding = 4; lastKnownFileType = sourcecode.swift; path = IQTitleBarButtonItem.swift; sourceTree = "<group>"; };
		63D7F19F1F330C13000E27AF /* IQToolbar.swift */ = {isa = PBXFileReference; fileEncoding = 4; lastKnownFileType = sourcecode.swift; path = IQToolbar.swift; sourceTree = "<group>"; };
		63D7F1A01F330C13000E27AF /* IQUIView+IQKeyboardToolbar.swift */ = {isa = PBXFileReference; fileEncoding = 4; lastKnownFileType = sourcecode.swift; path = "IQUIView+IQKeyboardToolbar.swift"; sourceTree = "<group>"; };
		63D7F1A21F330C13000E27AF /* IQKeyboardManager.bundle */ = {isa = PBXFileReference; lastKnownFileType = "wrapper.plug-in"; path = IQKeyboardManager.bundle; sourceTree = "<group>"; };
		63D7F1B61F330D1C000E27AF /* HTTPRequest.swift */ = {isa = PBXFileReference; fileEncoding = 4; lastKnownFileType = sourcecode.swift; path = HTTPRequest.swift; sourceTree = "<group>"; };
		63D7F1B91F331014000E27AF /* MSImage.swift */ = {isa = PBXFileReference; fileEncoding = 4; lastKnownFileType = sourcecode.swift; path = MSImage.swift; sourceTree = "<group>"; };
		63ED46881F45964B00B60BB1 /* GroupDetailsVC.swift */ = {isa = PBXFileReference; fileEncoding = 4; lastKnownFileType = sourcecode.swift; path = GroupDetailsVC.swift; sourceTree = "<group>"; };
		63ED468B1F4596DA00B60BB1 /* GroupImageCell.swift */ = {isa = PBXFileReference; fileEncoding = 4; lastKnownFileType = sourcecode.swift; path = GroupImageCell.swift; sourceTree = "<group>"; };
		63ED468C1F4596DA00B60BB1 /* GroupImageCell.xib */ = {isa = PBXFileReference; fileEncoding = 4; lastKnownFileType = file.xib; path = GroupImageCell.xib; sourceTree = "<group>"; };
		63ED468F1F45A04800B60BB1 /* DescriptionCell.swift */ = {isa = PBXFileReference; fileEncoding = 4; lastKnownFileType = sourcecode.swift; path = DescriptionCell.swift; sourceTree = "<group>"; };
		63ED46901F45A04800B60BB1 /* DescriptionCell.xib */ = {isa = PBXFileReference; fileEncoding = 4; lastKnownFileType = file.xib; path = DescriptionCell.xib; sourceTree = "<group>"; };
		63ED46931F45A44B00B60BB1 /* GroupLocationCell.swift */ = {isa = PBXFileReference; fileEncoding = 4; lastKnownFileType = sourcecode.swift; path = GroupLocationCell.swift; sourceTree = "<group>"; };
		63ED46941F45A44B00B60BB1 /* GroupLocationCell.xib */ = {isa = PBXFileReference; fileEncoding = 4; lastKnownFileType = file.xib; path = GroupLocationCell.xib; sourceTree = "<group>"; };
		63ED46971F45A9CC00B60BB1 /* GroupOwnerCell.swift */ = {isa = PBXFileReference; fileEncoding = 4; lastKnownFileType = sourcecode.swift; path = GroupOwnerCell.swift; sourceTree = "<group>"; };
		63ED46981F45A9CC00B60BB1 /* GroupOwnerCell.xib */ = {isa = PBXFileReference; fileEncoding = 4; lastKnownFileType = file.xib; path = GroupOwnerCell.xib; sourceTree = "<group>"; };
		63ED469B1F45AED400B60BB1 /* GroupConditionCell.swift */ = {isa = PBXFileReference; fileEncoding = 4; lastKnownFileType = sourcecode.swift; path = GroupConditionCell.swift; sourceTree = "<group>"; };
		63ED469C1F45AED400B60BB1 /* GroupConditionCell.xib */ = {isa = PBXFileReference; fileEncoding = 4; lastKnownFileType = file.xib; path = GroupConditionCell.xib; sourceTree = "<group>"; };
		63F35CAA1F415EB0001600D4 /* OwnerCell.swift */ = {isa = PBXFileReference; fileEncoding = 4; lastKnownFileType = sourcecode.swift; path = OwnerCell.swift; sourceTree = "<group>"; };
		63F35CAB1F415EB0001600D4 /* OwnerCell.xib */ = {isa = PBXFileReference; fileEncoding = 4; lastKnownFileType = file.xib; path = OwnerCell.xib; sourceTree = "<group>"; };
		63F35CB81F4168A2001600D4 /* GroupFooterView.swift */ = {isa = PBXFileReference; fileEncoding = 4; lastKnownFileType = sourcecode.swift; path = GroupFooterView.swift; sourceTree = "<group>"; };
		63F35CBA1F4168AC001600D4 /* GroupFooterView.xib */ = {isa = PBXFileReference; fileEncoding = 4; lastKnownFileType = file.xib; path = GroupFooterView.xib; sourceTree = "<group>"; };
		63F35CBC1F417440001600D4 /* GroupInfoCell.swift */ = {isa = PBXFileReference; fileEncoding = 4; lastKnownFileType = sourcecode.swift; path = GroupInfoCell.swift; sourceTree = "<group>"; };
		63F35CBD1F417440001600D4 /* GroupInfoCell.xib */ = {isa = PBXFileReference; fileEncoding = 4; lastKnownFileType = file.xib; path = GroupInfoCell.xib; sourceTree = "<group>"; };
		63F35CC11F418270001600D4 /* Group.swift */ = {isa = PBXFileReference; fileEncoding = 4; lastKnownFileType = sourcecode.swift; path = Group.swift; sourceTree = "<group>"; };
		63F35CC31F418FDF001600D4 /* AddMoreCell.swift */ = {isa = PBXFileReference; fileEncoding = 4; lastKnownFileType = sourcecode.swift; path = AddMoreCell.swift; sourceTree = "<group>"; };
		63F35CC41F418FDF001600D4 /* AddMoreCell.xib */ = {isa = PBXFileReference; fileEncoding = 4; lastKnownFileType = file.xib; path = AddMoreCell.xib; sourceTree = "<group>"; };
/* End PBXFileReference section */

/* Begin PBXFrameworksBuildPhase section */
		6399542D1F29AAC90025E9C6 /* Frameworks */ = {
			isa = PBXFrameworksBuildPhase;
			buildActionMask = 2147483647;
			files = (
				63996CCD1F346B2E008583BB /* Photos.framework in Frameworks */,
				639954AF1F29AD6F0025E9C6 /* FBSDKLoginKit.framework in Frameworks */,
				639954AE1F29AD6F0025E9C6 /* FBSDKCoreKit.framework in Frameworks */,
				639954B01F29AD6F0025E9C6 /* FBSDKShareKit.framework in Frameworks */,
			);
			runOnlyForDeploymentPostprocessing = 0;
		};
		639954441F29AAC90025E9C6 /* Frameworks */ = {
			isa = PBXFrameworksBuildPhase;
			buildActionMask = 2147483647;
			files = (
			);
			runOnlyForDeploymentPostprocessing = 0;
		};
		6399544F1F29AAC90025E9C6 /* Frameworks */ = {
			isa = PBXFrameworksBuildPhase;
			buildActionMask = 2147483647;
			files = (
			);
			runOnlyForDeploymentPostprocessing = 0;
		};
/* End PBXFrameworksBuildPhase section */

/* Begin PBXGroup section */
		637AFFA31F3C85F700235578 /* MSCameraGallery */ = {
			isa = PBXGroup;
			children = (
				637AFFB31F3C987300235578 /* GalleryView */,
				637AFFAC1F3C890600235578 /* ImageCollectionCell */,
				637AFFA41F3C86C200235578 /* AssetManager.swift */,
				637AFFA51F3C86C200235578 /* CameraMan.swift */,
				637AFFA81F3C872C00235578 /* Helper.swift */,
				637AFFAA1F3C88A500235578 /* MSCameraGallery.storyboard */,
				637AFFB11F3C8E0600235578 /* MSCameraGallery.swift */,
				639F824A1F3D674B00BAFFED /* Permissions.swift */,
			);
			path = MSCameraGallery;
			sourceTree = "<group>";
		};
		637AFFAC1F3C890600235578 /* ImageCollectionCell */ = {
			isa = PBXGroup;
			children = (
				637AFFAD1F3C892F00235578 /* ImageCollectionCell.swift */,
				637AFFAE1F3C892F00235578 /* ImageCollectionCell.xib */,
			);
			path = ImageCollectionCell;
			sourceTree = "<group>";
		};
		637AFFB31F3C987300235578 /* GalleryView */ = {
			isa = PBXGroup;
			children = (
				637AFFB41F3C989900235578 /* GalleryImageView.swift */,
				637AFFB61F3C9BA300235578 /* GalleryImageView.xib */,
			);
			path = GalleryView;
			sourceTree = "<group>";
		};
		6397974B1F3C236000A841F4 /* Message */ = {
			isa = PBXGroup;
			children = (
				639797521F3C242300A841F4 /* MessageVC.swift */,
			);
			path = Message;
			sourceTree = "<group>";
		};
		6397974C1F3C236A00A841F4 /* MyPage */ = {
			isa = PBXGroup;
			children = (
				639797501F3C241300A841F4 /* MyPageVC.swift */,
			);
			path = MyPage;
			sourceTree = "<group>";
		};
		6397974D1F3C23BB00A841F4 /* Offer */ = {
			isa = PBXGroup;
			children = (
				6397974E1F3C23D400A841F4 /* OfferVC.swift */,
			);
			path = Offer;
			sourceTree = "<group>";
		};
		639797541F3C370A00A841F4 /* TabBarController */ = {
			isa = PBXGroup;
			children = (
				639797551F3C377000A841F4 /* MSTabBarController.swift */,
			);
			path = TabBarController;
			sourceTree = "<group>";
		};
		639954271F29AAC90025E9C6 = {
			isa = PBXGroup;
			children = (
				639954321F29AAC90025E9C6 /* Drinks */,
				6399544A1F29AAC90025E9C6 /* DrinksTests */,
				639954551F29AACA0025E9C6 /* DrinksUITests */,
				639954311F29AAC90025E9C6 /* Products */,
				63996CCB1F346B2E008583BB /* Frameworks */,
			);
			sourceTree = "<group>";
		};
		639954311F29AAC90025E9C6 /* Products */ = {
			isa = PBXGroup;
			children = (
				639954301F29AAC90025E9C6 /* Drinks.app */,
				639954471F29AAC90025E9C6 /* DrinksTests.xctest */,
				639954521F29AAC90025E9C6 /* DrinksUITests.xctest */,
			);
			name = Products;
			sourceTree = "<group>";
		};
		639954321F29AAC90025E9C6 /* Drinks */ = {
			isa = PBXGroup;
			children = (
				63CC435B1F31FD8E0015813F /* Drinks.entitlements */,
				639954CF1F29AF240025E9C6 /* AppDelegate */,
				639954CE1F29ADEA0025E9C6 /* Handler */,
				639954C91F29AD970025E9C6 /* Utility */,
				639954CB1F29ADA70025E9C6 /* Constant */,
				639954641F29AD6F0025E9C6 /* Libraries */,
				639954C61F29AD7A0025E9C6 /* Model */,
				63D7F1841F32F757000E27AF /* View */,
				639954CA1F29ADA00025E9C6 /* ViewController */,
				639954371F29AAC90025E9C6 /* Main.storyboard */,
				639954DC1F29BEE10025E9C6 /* Drinks-Bridging-Header.h */,
				637AFF961F3C597E00235578 /* Info.plist */,
				6399543D1F29AAC90025E9C6 /* Assets.xcassets */,
				6399543F1F29AAC90025E9C6 /* LaunchScreen.storyboard */,
				639954E51F29CDE70025E9C6 /* Localizable.strings */,
				6399543A1F29AAC90025E9C6 /* Drinks.xcdatamodeld */,
			);
			path = Drinks;
			sourceTree = "<group>";
		};
		6399544A1F29AAC90025E9C6 /* DrinksTests */ = {
			isa = PBXGroup;
			children = (
				6399544B1F29AAC90025E9C6 /* DrinksTests.swift */,
				6399544D1F29AAC90025E9C6 /* Info.plist */,
			);
			path = DrinksTests;
			sourceTree = "<group>";
		};
		639954551F29AACA0025E9C6 /* DrinksUITests */ = {
			isa = PBXGroup;
			children = (
				639954561F29AACA0025E9C6 /* DrinksUITests.swift */,
				639954581F29AACA0025E9C6 /* Info.plist */,
			);
			path = DrinksUITests;
			sourceTree = "<group>";
		};
		639954641F29AD6F0025E9C6 /* Libraries */ = {
			isa = PBXGroup;
			children = (
				637AFFA31F3C85F700235578 /* MSCameraGallery */,
				63D7F18B1F330C13000E27AF /* IQKeyboardManagerSwift */,
				639954651F29AD6F0025E9C6 /* AFNetworking */,
				639954791F29AD6F0025E9C6 /* Facebook */,
				639954831F29AD6F0025E9C6 /* SDWebImage */,
				639954A31F29AD6F0025E9C6 /* SwiftLoader */,
			);
			path = Libraries;
			sourceTree = "<group>";
		};
		639954651F29AD6F0025E9C6 /* AFNetworking */ = {
			isa = PBXGroup;
			children = (
				639954661F29AD6F0025E9C6 /* AFHTTPRequestOperation.h */,
				639954671F29AD6F0025E9C6 /* AFHTTPRequestOperation.m */,
				639954681F29AD6F0025E9C6 /* AFHTTPRequestOperationManager.h */,
				639954691F29AD6F0025E9C6 /* AFHTTPRequestOperationManager.m */,
				6399546A1F29AD6F0025E9C6 /* AFHTTPSessionManager.h */,
				6399546B1F29AD6F0025E9C6 /* AFHTTPSessionManager.m */,
				6399546C1F29AD6F0025E9C6 /* AFNetworking.h */,
				6399546D1F29AD6F0025E9C6 /* AFNetworkReachabilityManager.h */,
				6399546E1F29AD6F0025E9C6 /* AFNetworkReachabilityManager.m */,
				6399546F1F29AD6F0025E9C6 /* AFSecurityPolicy.h */,
				639954701F29AD6F0025E9C6 /* AFSecurityPolicy.m */,
				639954711F29AD6F0025E9C6 /* AFURLConnectionOperation.h */,
				639954721F29AD6F0025E9C6 /* AFURLConnectionOperation.m */,
				639954731F29AD6F0025E9C6 /* AFURLRequestSerialization.h */,
				639954741F29AD6F0025E9C6 /* AFURLRequestSerialization.m */,
				639954751F29AD6F0025E9C6 /* AFURLResponseSerialization.h */,
				639954761F29AD6F0025E9C6 /* AFURLResponseSerialization.m */,
				639954771F29AD6F0025E9C6 /* AFURLSessionManager.h */,
				639954781F29AD6F0025E9C6 /* AFURLSessionManager.m */,
			);
			path = AFNetworking;
			sourceTree = "<group>";
		};
		639954791F29AD6F0025E9C6 /* Facebook */ = {
			isa = PBXGroup;
			children = (
				6399547A1F29AD6F0025E9C6 /* FBSDKCoreKit.framework */,
				6399547B1F29AD6F0025E9C6 /* FBSDKLoginKit.framework */,
				6399547C1F29AD6F0025E9C6 /* FBSDKShareKit.framework */,
			);
			path = Facebook;
			sourceTree = "<group>";
		};
		639954831F29AD6F0025E9C6 /* SDWebImage */ = {
			isa = PBXGroup;
			children = (
				639954841F29AD6F0025E9C6 /* NSData+ImageContentType.h */,
				639954851F29AD6F0025E9C6 /* NSData+ImageContentType.m */,
				639954861F29AD6F0025E9C6 /* SDImageCache.h */,
				639954871F29AD6F0025E9C6 /* SDImageCache.m */,
				639954881F29AD6F0025E9C6 /* SDWebImageCompat.h */,
				639954891F29AD6F0025E9C6 /* SDWebImageCompat.m */,
				6399548A1F29AD6F0025E9C6 /* SDWebImageDecoder.h */,
				6399548B1F29AD6F0025E9C6 /* SDWebImageDecoder.m */,
				6399548C1F29AD6F0025E9C6 /* SDWebImageDownloader.h */,
				6399548D1F29AD6F0025E9C6 /* SDWebImageDownloader.m */,
				6399548E1F29AD6F0025E9C6 /* SDWebImageDownloaderOperation.h */,
				6399548F1F29AD6F0025E9C6 /* SDWebImageDownloaderOperation.m */,
				639954901F29AD6F0025E9C6 /* SDWebImageManager.h */,
				639954911F29AD6F0025E9C6 /* SDWebImageManager.m */,
				639954921F29AD6F0025E9C6 /* SDWebImageOperation.h */,
				639954931F29AD6F0025E9C6 /* SDWebImagePrefetcher.h */,
				639954941F29AD6F0025E9C6 /* SDWebImagePrefetcher.m */,
				639954951F29AD6F0025E9C6 /* UIButton+WebCache.h */,
				639954961F29AD6F0025E9C6 /* UIButton+WebCache.m */,
				639954971F29AD6F0025E9C6 /* UIImage+GIF.h */,
				639954981F29AD6F0025E9C6 /* UIImage+GIF.m */,
				639954991F29AD6F0025E9C6 /* UIImage+MultiFormat.h */,
				6399549A1F29AD6F0025E9C6 /* UIImage+MultiFormat.m */,
				6399549B1F29AD6F0025E9C6 /* UIImage+WebP.h */,
				6399549C1F29AD6F0025E9C6 /* UIImage+WebP.m */,
				6399549D1F29AD6F0025E9C6 /* UIImageView+HighlightedWebCache.h */,
				6399549E1F29AD6F0025E9C6 /* UIImageView+HighlightedWebCache.m */,
				6399549F1F29AD6F0025E9C6 /* UIImageView+WebCache.h */,
				639954A01F29AD6F0025E9C6 /* UIImageView+WebCache.m */,
				639954A11F29AD6F0025E9C6 /* UIView+WebCacheOperation.h */,
				639954A21F29AD6F0025E9C6 /* UIView+WebCacheOperation.m */,
			);
			path = SDWebImage;
			sourceTree = "<group>";
		};
		639954A31F29AD6F0025E9C6 /* SwiftLoader */ = {
			isa = PBXGroup;
			children = (
				639954A41F29AD6F0025E9C6 /* SwiftLoader.swift */,
			);
			path = SwiftLoader;
			sourceTree = "<group>";
		};
		639954C61F29AD7A0025E9C6 /* Model */ = {
			isa = PBXGroup;
			children = (
				63F35CC01F41825E001600D4 /* Group */,
				63996CC51F342F1E008583BB /* Job */,
				63D7F1B81F330FF7000E27AF /* MSImage */,
				639954D91F29B8E90025E9C6 /* User */,
			);
			path = Model;
			sourceTree = "<group>";
		};
		639954C91F29AD970025E9C6 /* Utility */ = {
			isa = PBXGroup;
			children = (
				63996CCE1F3471A9008583BB /* DateExtensions */,
				63D7F1821F32F5C8000E27AF /* MSExtensions.swift */,
				63D7F1801F32F48A000E27AF /* Utility.swift */,
			);
			path = Utility;
			sourceTree = "<group>";
		};
		639954CA1F29ADA00025E9C6 /* ViewController */ = {
			isa = PBXGroup;
			children = (
				63B86B4F1F46EDA200E3CA55 /* Filter */,
				63ED46871F45963200B60BB1 /* GroupDetails */,
				639797541F3C370A00A841F4 /* TabBarController */,
				6397974D1F3C23BB00A841F4 /* Offer */,
				6397974C1F3C236A00A841F4 /* MyPage */,
				6397974B1F3C236000A841F4 /* Message */,
				63996CC81F3434EF008583BB /* Home */,
				63CC43541F31B87D0015813F /* Profile */,
				639F824C1F3DB32900BAFFED /* CreateGroup */,
				639954D21F29B0170025E9C6 /* LandingVC */,
			);
			path = ViewController;
			sourceTree = "<group>";
		};
		639954CB1F29ADA70025E9C6 /* Constant */ = {
			isa = PBXGroup;
			children = (
				639954CC1F29ADD20025E9C6 /* Constant.swift */,
			);
			path = Constant;
			sourceTree = "<group>";
		};
		639954CE1F29ADEA0025E9C6 /* Handler */ = {
			isa = PBXGroup;
			children = (
				63D7F1B51F330D1C000E27AF /* HTTPManager */,
				63D7F17C1F32E211000E27AF /* LoginManager */,
				639954D61F29B7FB0025E9C6 /* FBManager */,
			);
			path = Handler;
			sourceTree = "<group>";
		};
		639954CF1F29AF240025E9C6 /* AppDelegate */ = {
			isa = PBXGroup;
			children = (
				639954D01F29AF800025E9C6 /* AppDelegate.swift */,
			);
			path = AppDelegate;
			sourceTree = "<group>";
		};
		639954D21F29B0170025E9C6 /* LandingVC */ = {
			isa = PBXGroup;
			children = (
				639954D31F29B0620025E9C6 /* LandingVC.swift */,
			);
			path = LandingVC;
			sourceTree = "<group>";
		};
		639954D61F29B7FB0025E9C6 /* FBManager */ = {
			isa = PBXGroup;
			children = (
				639954D71F29B7FB0025E9C6 /* FBManager.swift */,
			);
			path = FBManager;
			sourceTree = "<group>";
		};
		639954D91F29B8E90025E9C6 /* User */ = {
			isa = PBXGroup;
			children = (
				639954DA1F29B8E90025E9C6 /* User.swift */,
			);
			path = User;
			sourceTree = "<group>";
		};
		63996CC51F342F1E008583BB /* Job */ = {
			isa = PBXGroup;
			children = (
				63996CC61F342F2A008583BB /* Job.swift */,
			);
			path = Job;
			sourceTree = "<group>";
		};
		63996CC81F3434EF008583BB /* Home */ = {
			isa = PBXGroup;
			children = (
				63996CC91F343500008583BB /* HomeVC.swift */,
			);
			path = Home;
			sourceTree = "<group>";
		};
		63996CCB1F346B2E008583BB /* Frameworks */ = {
			isa = PBXGroup;
			children = (
				63996CCC1F346B2E008583BB /* Photos.framework */,
			);
			name = Frameworks;
			sourceTree = "<group>";
		};
		63996CCE1F3471A9008583BB /* DateExtensions */ = {
			isa = PBXGroup;
			children = (
				63996CCF1F3471BF008583BB /* NSDate+Utilities.h */,
				63996CD01F3471BF008583BB /* NSDate+Utilities.m */,
			);
			path = DateExtensions;
			sourceTree = "<group>";
		};
		639F824C1F3DB32900BAFFED /* CreateGroup */ = {
			isa = PBXGroup;
			children = (
				639F824D1F3DBA2400BAFFED /* CreateGroupVC.swift */,
			);
			path = CreateGroup;
			sourceTree = "<group>";
		};
		639F824F1F3DC2F900BAFFED /* GroupCreation */ = {
			isa = PBXGroup;
			children = (
				639F82501F3DC32E00BAFFED /* SelectPhotoVC.swift */,
				639F82511F3DC32E00BAFFED /* SelectPhotoVC.xib */,
				639F82541F3DC48A00BAFFED /* LocationCell.swift */,
				639F82551F3DC48A00BAFFED /* LocationCell.xib */,
				639F82581F3DD00600BAFFED /* InfoCell.swift */,
				639F82591F3DD00600BAFFED /* InfoCell.xib */,
				63F35CAA1F415EB0001600D4 /* OwnerCell.swift */,
				63F35CAB1F415EB0001600D4 /* OwnerCell.xib */,
				63F35CBC1F417440001600D4 /* GroupInfoCell.swift */,
				63F35CBD1F417440001600D4 /* GroupInfoCell.xib */,
				63F35CC31F418FDF001600D4 /* AddMoreCell.swift */,
				63F35CC41F418FDF001600D4 /* AddMoreCell.xib */,
			);
			path = GroupCreation;
			sourceTree = "<group>";
		};
		63A9950F1F349CDC005DDFA4 /* CollectionCell */ = {
			isa = PBXGroup;
			children = (
				63A995191F349F80005DDFA4 /* TutorialCell */,
				63A995141F349F69005DDFA4 /* GroupCell */,
			);
			path = CollectionCell;
			sourceTree = "<group>";
		};
		63A995141F349F69005DDFA4 /* GroupCell */ = {
			isa = PBXGroup;
			children = (
				63A995151F349F69005DDFA4 /* GroupCell.swift */,
				63A995161F349F69005DDFA4 /* GroupCell.xib */,
			);
			path = GroupCell;
			sourceTree = "<group>";
		};
		63A995191F349F80005DDFA4 /* TutorialCell */ = {
			isa = PBXGroup;
			children = (
				63A9951A1F349FD9005DDFA4 /* TutorialCell.swift */,
				63A9951B1F349FD9005DDFA4 /* TutorialCell.xib */,
			);
			path = TutorialCell;
			sourceTree = "<group>";
		};
		63B86B431F46C19800E3CA55 /* GroupOwnerProfile */ = {
			isa = PBXGroup;
			children = (
				63B86B441F46C1C200E3CA55 /* ProfileGroupOwnerVC.swift */,
			);
			path = GroupOwnerProfile;
			sourceTree = "<group>";
		};
		63B86B461F46C6A000E3CA55 /* GroupOwner */ = {
			isa = PBXGroup;
			children = (
				63B86B471F46C6CC00E3CA55 /* ProfileGroupOwnerCell.swift */,
				63B86B481F46C6CC00E3CA55 /* ProfileGroupOwnerCell.xib */,
				63B86B4B1F46CC8800E3CA55 /* OwnerInfoCell.swift */,
				63B86B4C1F46CC8800E3CA55 /* OwnerInfoCell.xib */,
			);
			path = GroupOwner;
			sourceTree = "<group>";
		};
		63B86B4F1F46EDA200E3CA55 /* Filter */ = {
			isa = PBXGroup;
			children = (
				63B86B501F46EDE800E3CA55 /* FilterVC.swift */,
			);
			path = Filter;
			sourceTree = "<group>";
		};
		63B86B521F46F65B00E3CA55 /* Filter */ = {
			isa = PBXGroup;
			children = (
				63B86B531F46F74800E3CA55 /* FilterOptionCell.swift */,
				63B86B541F46F74800E3CA55 /* FilterOptionCell.xib */,
				63B86B571F46FA2F00E3CA55 /* FilterActionCell.swift */,
				63B86B581F46FA2F00E3CA55 /* FilterActionCell.xib */,
			);
			path = Filter;
			sourceTree = "<group>";
		};
		63CC43541F31B87D0015813F /* Profile */ = {
			isa = PBXGroup;
			children = (
				63B86B431F46C19800E3CA55 /* GroupOwnerProfile */,
				63D7F17D1F32EF54000E27AF /* Selection */,
				63CC43551F31B89C0015813F /* ProfileFirst */,
				63CC43561F31B8A30015813F /* ProfileSecond */,
			);
			path = Profile;
			sourceTree = "<group>";
		};
		63CC43551F31B89C0015813F /* ProfileFirst */ = {
			isa = PBXGroup;
			children = (
				63CC43571F31B8C90015813F /* ProfileFirstVC.swift */,
			);
			path = ProfileFirst;
			sourceTree = "<group>";
		};
		63CC43561F31B8A30015813F /* ProfileSecond */ = {
			isa = PBXGroup;
			children = (
				63CC43591F31B8DC0015813F /* ProfileSecondVC.swift */,
			);
			path = ProfileSecond;
			sourceTree = "<group>";
		};
		63CD84081F3B09EF00D9D434 /* TableHeader */ = {
			isa = PBXGroup;
			children = (
				63CD840B1F3B0B2600D9D434 /* SelectionHeader.xib */,
				63CD840D1F3B0B9400D9D434 /* SelectionHeader.swift */,
				63F35CB81F4168A2001600D4 /* GroupFooterView.swift */,
				63F35CBA1F4168AC001600D4 /* GroupFooterView.xib */,
			);
			path = TableHeader;
			sourceTree = "<group>";
		};
		63D7F17C1F32E211000E27AF /* LoginManager */ = {
			isa = PBXGroup;
			children = (
				63996CC31F342E75008583BB /* LoginManager.swift */,
			);
			path = LoginManager;
			sourceTree = "<group>";
		};
		63D7F17D1F32EF54000E27AF /* Selection */ = {
			isa = PBXGroup;
			children = (
				63D7F17E1F32EF6D000E27AF /* SelectionVC.swift */,
			);
			path = Selection;
			sourceTree = "<group>";
		};
		63D7F1841F32F757000E27AF /* View */ = {
			isa = PBXGroup;
			children = (
				63CD84081F3B09EF00D9D434 /* TableHeader */,
				63A9950F1F349CDC005DDFA4 /* CollectionCell */,
				63D7F1851F32F76D000E27AF /* TableCell */,
			);
			path = View;
			sourceTree = "<group>";
		};
		63D7F1851F32F76D000E27AF /* TableCell */ = {
			isa = PBXGroup;
			children = (
				63B86B521F46F65B00E3CA55 /* Filter */,
				63B86B461F46C6A000E3CA55 /* GroupOwner */,
				63ED468A1F4596BB00B60BB1 /* GroupDetails */,
				639F824F1F3DC2F900BAFFED /* GroupCreation */,
				63D7F1861F32F79B000E27AF /* SelectionCell */,
			);
			path = TableCell;
			sourceTree = "<group>";
		};
		63D7F1861F32F79B000E27AF /* SelectionCell */ = {
			isa = PBXGroup;
			children = (
				63D7F1871F32F79B000E27AF /* ListingCell.swift */,
				63D7F1881F32F79B000E27AF /* ListingCell.xib */,
			);
			path = SelectionCell;
			sourceTree = "<group>";
		};
		63D7F18B1F330C13000E27AF /* IQKeyboardManagerSwift */ = {
			isa = PBXGroup;
			children = (
				63D7F18C1F330C13000E27AF /* Categories */,
				63D7F1931F330C13000E27AF /* Constants */,
				63D7F1961F330C13000E27AF /* IQKeyboardManager.swift */,
				63D7F1971F330C13000E27AF /* IQKeyboardManagerSwift.h */,
				63D7F1981F330C13000E27AF /* IQKeyboardReturnKeyHandler.swift */,
				63D7F1991F330C13000E27AF /* IQTextView */,
				63D7F19B1F330C13000E27AF /* IQToolbar */,
				63D7F1A11F330C13000E27AF /* Resources */,
			);
			path = IQKeyboardManagerSwift;
			sourceTree = "<group>";
		};
		63D7F18C1F330C13000E27AF /* Categories */ = {
			isa = PBXGroup;
			children = (
				63D7F18D1F330C13000E27AF /* IQNSArray+Sort.swift */,
				63D7F18E1F330C13000E27AF /* IQUIScrollView+Additions.swift */,
				63D7F18F1F330C13000E27AF /* IQUITextFieldView+Additions.swift */,
				63D7F1901F330C13000E27AF /* IQUIView+Hierarchy.swift */,
				63D7F1911F330C13000E27AF /* IQUIViewController+Additions.swift */,
				63D7F1921F330C13000E27AF /* IQUIWindow+Hierarchy.swift */,
			);
			path = Categories;
			sourceTree = "<group>";
		};
		63D7F1931F330C13000E27AF /* Constants */ = {
			isa = PBXGroup;
			children = (
				63D7F1941F330C13000E27AF /* IQKeyboardManagerConstants.swift */,
				63D7F1951F330C13000E27AF /* IQKeyboardManagerConstantsInternal.swift */,
			);
			path = Constants;
			sourceTree = "<group>";
		};
		63D7F1991F330C13000E27AF /* IQTextView */ = {
			isa = PBXGroup;
			children = (
				63D7F19A1F330C13000E27AF /* IQTextView.swift */,
			);
			path = IQTextView;
			sourceTree = "<group>";
		};
		63D7F19B1F330C13000E27AF /* IQToolbar */ = {
			isa = PBXGroup;
			children = (
				63D7F19C1F330C13000E27AF /* IQBarButtonItem.swift */,
				63D7F19D1F330C13000E27AF /* IQPreviousNextView.swift */,
				63D7F19E1F330C13000E27AF /* IQTitleBarButtonItem.swift */,
				63D7F19F1F330C13000E27AF /* IQToolbar.swift */,
				63D7F1A01F330C13000E27AF /* IQUIView+IQKeyboardToolbar.swift */,
			);
			path = IQToolbar;
			sourceTree = "<group>";
		};
		63D7F1A11F330C13000E27AF /* Resources */ = {
			isa = PBXGroup;
			children = (
				63D7F1A21F330C13000E27AF /* IQKeyboardManager.bundle */,
			);
			path = Resources;
			sourceTree = "<group>";
		};
		63D7F1B51F330D1C000E27AF /* HTTPManager */ = {
			isa = PBXGroup;
			children = (
				63D7F1B61F330D1C000E27AF /* HTTPRequest.swift */,
			);
			path = HTTPManager;
			sourceTree = "<group>";
		};
		63D7F1B81F330FF7000E27AF /* MSImage */ = {
			isa = PBXGroup;
			children = (
				63D7F1B91F331014000E27AF /* MSImage.swift */,
			);
			path = MSImage;
			sourceTree = "<group>";
		};
		63ED46871F45963200B60BB1 /* GroupDetails */ = {
			isa = PBXGroup;
			children = (
				63ED46881F45964B00B60BB1 /* GroupDetailsVC.swift */,
			);
			path = GroupDetails;
			sourceTree = "<group>";
		};
		63ED468A1F4596BB00B60BB1 /* GroupDetails */ = {
			isa = PBXGroup;
			children = (
				63ED468B1F4596DA00B60BB1 /* GroupImageCell.swift */,
				63ED468C1F4596DA00B60BB1 /* GroupImageCell.xib */,
				63ED468F1F45A04800B60BB1 /* DescriptionCell.swift */,
				63ED46901F45A04800B60BB1 /* DescriptionCell.xib */,
				63ED46931F45A44B00B60BB1 /* GroupLocationCell.swift */,
				63ED46941F45A44B00B60BB1 /* GroupLocationCell.xib */,
				63ED46971F45A9CC00B60BB1 /* GroupOwnerCell.swift */,
				63ED46981F45A9CC00B60BB1 /* GroupOwnerCell.xib */,
				63ED469B1F45AED400B60BB1 /* GroupConditionCell.swift */,
				63ED469C1F45AED400B60BB1 /* GroupConditionCell.xib */,
			);
			path = GroupDetails;
			sourceTree = "<group>";
		};
		63F35CC01F41825E001600D4 /* Group */ = {
			isa = PBXGroup;
			children = (
				63F35CC11F418270001600D4 /* Group.swift */,
			);
			path = Group;
			sourceTree = "<group>";
		};
/* End PBXGroup section */

/* Begin PBXNativeTarget section */
		6399542F1F29AAC90025E9C6 /* Drinks */ = {
			isa = PBXNativeTarget;
			buildConfigurationList = 6399545B1F29AACA0025E9C6 /* Build configuration list for PBXNativeTarget "Drinks" */;
			buildPhases = (
				6399542C1F29AAC90025E9C6 /* Sources */,
				6399542D1F29AAC90025E9C6 /* Frameworks */,
				6399542E1F29AAC90025E9C6 /* Resources */,
			);
			buildRules = (
			);
			dependencies = (
			);
			name = Drinks;
			productName = Drinks;
			productReference = 639954301F29AAC90025E9C6 /* Drinks.app */;
			productType = "com.apple.product-type.application";
		};
		639954461F29AAC90025E9C6 /* DrinksTests */ = {
			isa = PBXNativeTarget;
			buildConfigurationList = 6399545E1F29AACA0025E9C6 /* Build configuration list for PBXNativeTarget "DrinksTests" */;
			buildPhases = (
				639954431F29AAC90025E9C6 /* Sources */,
				639954441F29AAC90025E9C6 /* Frameworks */,
				639954451F29AAC90025E9C6 /* Resources */,
			);
			buildRules = (
			);
			dependencies = (
				639954491F29AAC90025E9C6 /* PBXTargetDependency */,
			);
			name = DrinksTests;
			productName = DrinksTests;
			productReference = 639954471F29AAC90025E9C6 /* DrinksTests.xctest */;
			productType = "com.apple.product-type.bundle.unit-test";
		};
		639954511F29AAC90025E9C6 /* DrinksUITests */ = {
			isa = PBXNativeTarget;
			buildConfigurationList = 639954611F29AACA0025E9C6 /* Build configuration list for PBXNativeTarget "DrinksUITests" */;
			buildPhases = (
				6399544E1F29AAC90025E9C6 /* Sources */,
				6399544F1F29AAC90025E9C6 /* Frameworks */,
				639954501F29AAC90025E9C6 /* Resources */,
			);
			buildRules = (
			);
			dependencies = (
				639954541F29AAC90025E9C6 /* PBXTargetDependency */,
			);
			name = DrinksUITests;
			productName = DrinksUITests;
			productReference = 639954521F29AAC90025E9C6 /* DrinksUITests.xctest */;
			productType = "com.apple.product-type.bundle.ui-testing";
		};
/* End PBXNativeTarget section */

/* Begin PBXProject section */
		639954281F29AAC90025E9C6 /* Project object */ = {
			isa = PBXProject;
			attributes = {
				LastSwiftUpdateCheck = 0810;
				LastUpgradeCheck = 0810;
				ORGANIZATIONNAME = "Maninderjit Singh";
				TargetAttributes = {
					6399542F1F29AAC90025E9C6 = {
						CreatedOnToolsVersion = 8.1;
						DevelopmentTeam = QV46UN4P88;
						ProvisioningStyle = Manual;
						SystemCapabilities = {
							com.apple.Keychain = {
								enabled = 1;
							};
						};
					};
					639954461F29AAC90025E9C6 = {
						CreatedOnToolsVersion = 8.1;
						ProvisioningStyle = Automatic;
						TestTargetID = 6399542F1F29AAC90025E9C6;
					};
					639954511F29AAC90025E9C6 = {
						CreatedOnToolsVersion = 8.1;
						ProvisioningStyle = Automatic;
						TestTargetID = 6399542F1F29AAC90025E9C6;
					};
				};
			};
			buildConfigurationList = 6399542B1F29AAC90025E9C6 /* Build configuration list for PBXProject "Drinks" */;
			compatibilityVersion = "Xcode 3.2";
			developmentRegion = English;
			hasScannedForEncodings = 0;
			knownRegions = (
				en,
				Base,
				ja,
			);
			mainGroup = 639954271F29AAC90025E9C6;
			productRefGroup = 639954311F29AAC90025E9C6 /* Products */;
			projectDirPath = "";
			projectRoot = "";
			targets = (
				6399542F1F29AAC90025E9C6 /* Drinks */,
				639954461F29AAC90025E9C6 /* DrinksTests */,
				639954511F29AAC90025E9C6 /* DrinksUITests */,
			);
		};
/* End PBXProject section */

/* Begin PBXResourcesBuildPhase section */
		6399542E1F29AAC90025E9C6 /* Resources */ = {
			isa = PBXResourcesBuildPhase;
			buildActionMask = 2147483647;
			files = (
				637AFFB01F3C892F00235578 /* ImageCollectionCell.xib in Resources */,
				63F35CC61F418FDF001600D4 /* AddMoreCell.xib in Resources */,
				639F825B1F3DD00600BAFFED /* InfoCell.xib in Resources */,
				63ED469E1F45AED400B60BB1 /* GroupConditionCell.xib in Resources */,
				639F82531F3DC32E00BAFFED /* SelectPhotoVC.xib in Resources */,
				63ED46961F45A44B00B60BB1 /* GroupLocationCell.xib in Resources */,
				637AFFAB1F3C88A500235578 /* MSCameraGallery.storyboard in Resources */,
				639954E31F29CDE70025E9C6 /* Localizable.strings in Resources */,
				63A9951D1F349FD9005DDFA4 /* TutorialCell.xib in Resources */,
				639954411F29AAC90025E9C6 /* LaunchScreen.storyboard in Resources */,
				63A995181F349F69005DDFA4 /* GroupCell.xib in Resources */,
				63B86B4A1F46C6CC00E3CA55 /* ProfileGroupOwnerCell.xib in Resources */,
				6399543E1F29AAC90025E9C6 /* Assets.xcassets in Resources */,
				63B86B5A1F46FA2F00E3CA55 /* FilterActionCell.xib in Resources */,
				63F35CBB1F4168AC001600D4 /* GroupFooterView.xib in Resources */,
				63F35CAD1F415EB0001600D4 /* OwnerCell.xib in Resources */,
				639F82571F3DC48A00BAFFED /* LocationCell.xib in Resources */,
				63D7F1B31F330C13000E27AF /* IQKeyboardManager.bundle in Resources */,
				63D7F18A1F32F79B000E27AF /* ListingCell.xib in Resources */,
				63ED469A1F45A9CC00B60BB1 /* GroupOwnerCell.xib in Resources */,
				63B86B561F46F74800E3CA55 /* FilterOptionCell.xib in Resources */,
				63B86B4E1F46CC8800E3CA55 /* OwnerInfoCell.xib in Resources */,
				639954391F29AAC90025E9C6 /* Main.storyboard in Resources */,
				63CD840C1F3B0B2600D9D434 /* SelectionHeader.xib in Resources */,
				637AFFB71F3C9BA300235578 /* GalleryImageView.xib in Resources */,
				63F35CBF1F417440001600D4 /* GroupInfoCell.xib in Resources */,
				63ED46921F45A04800B60BB1 /* DescriptionCell.xib in Resources */,
				63ED468E1F4596DA00B60BB1 /* GroupImageCell.xib in Resources */,
			);
			runOnlyForDeploymentPostprocessing = 0;
		};
		639954451F29AAC90025E9C6 /* Resources */ = {
			isa = PBXResourcesBuildPhase;
			buildActionMask = 2147483647;
			files = (
			);
			runOnlyForDeploymentPostprocessing = 0;
		};
		639954501F29AAC90025E9C6 /* Resources */ = {
			isa = PBXResourcesBuildPhase;
			buildActionMask = 2147483647;
			files = (
			);
			runOnlyForDeploymentPostprocessing = 0;
		};
/* End PBXResourcesBuildPhase section */

/* Begin PBXSourcesBuildPhase section */
		6399542C1F29AAC90025E9C6 /* Sources */ = {
			isa = PBXSourcesBuildPhase;
			buildActionMask = 2147483647;
			files = (
				63D7F1A31F330C13000E27AF /* IQNSArray+Sort.swift in Sources */,
				63D7F1811F32F48A000E27AF /* Utility.swift in Sources */,
				639954BF1F29AD700025E9C6 /* UIImage+GIF.m in Sources */,
				63D7F1891F32F79B000E27AF /* ListingCell.swift in Sources */,
				6397974F1F3C23D400A841F4 /* OfferVC.swift in Sources */,
				639797511F3C241300A841F4 /* MyPageVC.swift in Sources */,
				63D7F17F1F32EF6D000E27AF /* SelectionVC.swift in Sources */,
				63D7F1AD1F330C13000E27AF /* IQTextView.swift in Sources */,
				63D7F1AF1F330C13000E27AF /* IQPreviousNextView.swift in Sources */,
				63D7F1BA1F331014000E27AF /* MSImage.swift in Sources */,
				63CC43581F31B8C90015813F /* ProfileFirstVC.swift in Sources */,
				63996CC41F342E75008583BB /* LoginManager.swift in Sources */,
				63D7F1B21F330C13000E27AF /* IQUIView+IQKeyboardToolbar.swift in Sources */,
				639954A51F29AD6F0025E9C6 /* AFHTTPRequestOperation.m in Sources */,
				639954BD1F29AD700025E9C6 /* SDWebImagePrefetcher.m in Sources */,
				6399543C1F29AAC90025E9C6 /* Drinks.xcdatamodeld in Sources */,
				639F824B1F3D674B00BAFFED /* Permissions.swift in Sources */,
				63D7F1B11F330C13000E27AF /* IQToolbar.swift in Sources */,
				639F824E1F3DBA2400BAFFED /* CreateGroupVC.swift in Sources */,
				63ED46911F45A04800B60BB1 /* DescriptionCell.swift in Sources */,
				639797561F3C377000A841F4 /* MSTabBarController.swift in Sources */,
				63CD840E1F3B0B9400D9D434 /* SelectionHeader.swift in Sources */,
				63A995171F349F69005DDFA4 /* GroupCell.swift in Sources */,
				637AFFA91F3C872C00235578 /* Helper.swift in Sources */,
				639954DB1F29B8E90025E9C6 /* User.swift in Sources */,
				639954D11F29AF800025E9C6 /* AppDelegate.swift in Sources */,
				637AFFA61F3C86C200235578 /* AssetManager.swift in Sources */,
				63D7F1A41F330C13000E27AF /* IQUIScrollView+Additions.swift in Sources */,
				63D7F1A91F330C13000E27AF /* IQKeyboardManagerConstants.swift in Sources */,
				639954C51F29AD700025E9C6 /* SwiftLoader.swift in Sources */,
				639954A61F29AD6F0025E9C6 /* AFHTTPRequestOperationManager.m in Sources */,
				639954B61F29AD6F0025E9C6 /* NSData+ImageContentType.m in Sources */,
				639954A81F29AD6F0025E9C6 /* AFNetworkReachabilityManager.m in Sources */,
				63996CCA1F343500008583BB /* HomeVC.swift in Sources */,
				639954AC1F29AD6F0025E9C6 /* AFURLResponseSerialization.m in Sources */,
				639F82561F3DC48A00BAFFED /* LocationCell.swift in Sources */,
				639F82521F3DC32E00BAFFED /* SelectPhotoVC.swift in Sources */,
				639954BE1F29AD700025E9C6 /* UIButton+WebCache.m in Sources */,
				639954BB1F29AD700025E9C6 /* SDWebImageDownloaderOperation.m in Sources */,
				63D7F1AA1F330C13000E27AF /* IQKeyboardManagerConstantsInternal.swift in Sources */,
				63ED468D1F4596DA00B60BB1 /* GroupImageCell.swift in Sources */,
				63996CD11F3471BF008583BB /* NSDate+Utilities.m in Sources */,
				639954AA1F29AD6F0025E9C6 /* AFURLConnectionOperation.m in Sources */,
				63B86B591F46FA2F00E3CA55 /* FilterActionCell.swift in Sources */,
				63D7F1AE1F330C13000E27AF /* IQBarButtonItem.swift in Sources */,
				63D7F1831F32F5C8000E27AF /* MSExtensions.swift in Sources */,
				63B86B451F46C1C200E3CA55 /* ProfileGroupOwnerVC.swift in Sources */,
				639954D81F29B7FB0025E9C6 /* FBManager.swift in Sources */,
				639954B81F29AD6F0025E9C6 /* SDWebImageCompat.m in Sources */,
				63B86B511F46EDE800E3CA55 /* FilterVC.swift in Sources */,
				63A9951C1F349FD9005DDFA4 /* TutorialCell.swift in Sources */,
				639954A91F29AD6F0025E9C6 /* AFSecurityPolicy.m in Sources */,
				63D7F1A71F330C13000E27AF /* IQUIViewController+Additions.swift in Sources */,
				639954D41F29B0620025E9C6 /* LandingVC.swift in Sources */,
				63F35CB91F4168A2001600D4 /* GroupFooterView.swift in Sources */,
				63ED46951F45A44B00B60BB1 /* GroupLocationCell.swift in Sources */,
				63F35CC21F418270001600D4 /* Group.swift in Sources */,
				63D7F1B71F330D1C000E27AF /* HTTPRequest.swift in Sources */,
				639954C01F29AD700025E9C6 /* UIImage+MultiFormat.m in Sources */,
				63996CC71F342F2A008583BB /* Job.swift in Sources */,
				639954C31F29AD700025E9C6 /* UIImageView+WebCache.m in Sources */,
				63B86B491F46C6CC00E3CA55 /* ProfileGroupOwnerCell.swift in Sources */,
				639954CD1F29ADD20025E9C6 /* Constant.swift in Sources */,
				63F35CC51F418FDF001600D4 /* AddMoreCell.swift in Sources */,
				63F35CBE1F417440001600D4 /* GroupInfoCell.swift in Sources */,
				63CC435A1F31B8DC0015813F /* ProfileSecondVC.swift in Sources */,
				639954A71F29AD6F0025E9C6 /* AFHTTPSessionManager.m in Sources */,
				637AFFA71F3C86C200235578 /* CameraMan.swift in Sources */,
				63D7F1A51F330C13000E27AF /* IQUITextFieldView+Additions.swift in Sources */,
				639954C41F29AD700025E9C6 /* UIView+WebCacheOperation.m in Sources */,
				637AFFB51F3C989900235578 /* GalleryImageView.swift in Sources */,
				63D7F1A61F330C13000E27AF /* IQUIView+Hierarchy.swift in Sources */,
				63D7F1A81F330C13000E27AF /* IQUIWindow+Hierarchy.swift in Sources */,
				639954AB1F29AD6F0025E9C6 /* AFURLRequestSerialization.m in Sources */,
				639954AD1F29AD6F0025E9C6 /* AFURLSessionManager.m in Sources */,
				63ED469D1F45AED400B60BB1 /* GroupConditionCell.swift in Sources */,
				639954BA1F29AD700025E9C6 /* SDWebImageDownloader.m in Sources */,
				639797531F3C242300A841F4 /* MessageVC.swift in Sources */,
				637AFFB21F3C8E0600235578 /* MSCameraGallery.swift in Sources */,
				63D7F1AB1F330C13000E27AF /* IQKeyboardManager.swift in Sources */,
				63B86B4D1F46CC8800E3CA55 /* OwnerInfoCell.swift in Sources */,
				639954C21F29AD700025E9C6 /* UIImageView+HighlightedWebCache.m in Sources */,
				63F35CAC1F415EB0001600D4 /* OwnerCell.swift in Sources */,
				637AFFAF1F3C892F00235578 /* ImageCollectionCell.swift in Sources */,
				639954B91F29AD700025E9C6 /* SDWebImageDecoder.m in Sources */,
				63D7F1AC1F330C13000E27AF /* IQKeyboardReturnKeyHandler.swift in Sources */,
				63ED46991F45A9CC00B60BB1 /* GroupOwnerCell.swift in Sources */,
				639954C11F29AD700025E9C6 /* UIImage+WebP.m in Sources */,
				63D7F1B01F330C13000E27AF /* IQTitleBarButtonItem.swift in Sources */,
				63B86B551F46F74800E3CA55 /* FilterOptionCell.swift in Sources */,
				639954BC1F29AD700025E9C6 /* SDWebImageManager.m in Sources */,
				639954B71F29AD6F0025E9C6 /* SDImageCache.m in Sources */,
				63ED46891F45964B00B60BB1 /* GroupDetailsVC.swift in Sources */,
				639F825A1F3DD00600BAFFED /* InfoCell.swift in Sources */,
			);
			runOnlyForDeploymentPostprocessing = 0;
		};
		639954431F29AAC90025E9C6 /* Sources */ = {
			isa = PBXSourcesBuildPhase;
			buildActionMask = 2147483647;
			files = (
				6399544C1F29AAC90025E9C6 /* DrinksTests.swift in Sources */,
			);
			runOnlyForDeploymentPostprocessing = 0;
		};
		6399544E1F29AAC90025E9C6 /* Sources */ = {
			isa = PBXSourcesBuildPhase;
			buildActionMask = 2147483647;
			files = (
				639954571F29AACA0025E9C6 /* DrinksUITests.swift in Sources */,
			);
			runOnlyForDeploymentPostprocessing = 0;
		};
/* End PBXSourcesBuildPhase section */

/* Begin PBXTargetDependency section */
		639954491F29AAC90025E9C6 /* PBXTargetDependency */ = {
			isa = PBXTargetDependency;
			target = 6399542F1F29AAC90025E9C6 /* Drinks */;
			targetProxy = 639954481F29AAC90025E9C6 /* PBXContainerItemProxy */;
		};
		639954541F29AAC90025E9C6 /* PBXTargetDependency */ = {
			isa = PBXTargetDependency;
			target = 6399542F1F29AAC90025E9C6 /* Drinks */;
			targetProxy = 639954531F29AAC90025E9C6 /* PBXContainerItemProxy */;
		};
/* End PBXTargetDependency section */

/* Begin PBXVariantGroup section */
		639954371F29AAC90025E9C6 /* Main.storyboard */ = {
			isa = PBXVariantGroup;
			children = (
				639954381F29AAC90025E9C6 /* Base */,
				639955161F29FCB00025E9C6 /* en */,
				639955171F29FCB20025E9C6 /* ja */,
			);
			name = Main.storyboard;
			sourceTree = "<group>";
		};
		6399543F1F29AAC90025E9C6 /* LaunchScreen.storyboard */ = {
			isa = PBXVariantGroup;
			children = (
				639954401F29AAC90025E9C6 /* Base */,
				6399550C1F29F78C0025E9C6 /* ja */,
				639955111F29F7CF0025E9C6 /* en */,
			);
			name = LaunchScreen.storyboard;
			sourceTree = "<group>";
		};
		639954E51F29CDE70025E9C6 /* Localizable.strings */ = {
			isa = PBXVariantGroup;
			children = (
				639954E41F29CDE70025E9C6 /* Base */,
				6399550D1F29F7900025E9C6 /* ja */,
				639955121F29F7D20025E9C6 /* en */,
			);
			name = Localizable.strings;
			sourceTree = "<group>";
		};
/* End PBXVariantGroup section */

/* Begin XCBuildConfiguration section */
		639954591F29AACA0025E9C6 /* Debug */ = {
			isa = XCBuildConfiguration;
			buildSettings = {
				ALWAYS_SEARCH_USER_PATHS = NO;
				CLANG_ANALYZER_LOCALIZABILITY_NONLOCALIZED = YES;
				CLANG_ANALYZER_NONNULL = YES;
				CLANG_CXX_LANGUAGE_STANDARD = "gnu++0x";
				CLANG_CXX_LIBRARY = "libc++";
				CLANG_ENABLE_MODULES = YES;
				CLANG_ENABLE_OBJC_ARC = YES;
				CLANG_WARN_BOOL_CONVERSION = YES;
				CLANG_WARN_CONSTANT_CONVERSION = YES;
				CLANG_WARN_DIRECT_OBJC_ISA_USAGE = YES_ERROR;
				CLANG_WARN_DOCUMENTATION_COMMENTS = YES;
				CLANG_WARN_EMPTY_BODY = YES;
				CLANG_WARN_ENUM_CONVERSION = YES;
				CLANG_WARN_INFINITE_RECURSION = YES;
				CLANG_WARN_INT_CONVERSION = YES;
				CLANG_WARN_OBJC_ROOT_CLASS = YES_ERROR;
				CLANG_WARN_SUSPICIOUS_MOVES = YES;
				CLANG_WARN_UNREACHABLE_CODE = YES;
				CLANG_WARN__DUPLICATE_METHOD_MATCH = YES;
				CODE_SIGN_IDENTITY = "iPhone Developer: mohit kashyap (BLAF6RSV2G)";
				"CODE_SIGN_IDENTITY[sdk=iphoneos*]" = "iPhone Developer: mohit kashyap (BLAF6RSV2G)";
				COPY_PHASE_STRIP = NO;
				DEBUG_INFORMATION_FORMAT = dwarf;
				ENABLE_STRICT_OBJC_MSGSEND = YES;
				ENABLE_TESTABILITY = YES;
				GCC_C_LANGUAGE_STANDARD = gnu99;
				GCC_DYNAMIC_NO_PIC = NO;
				GCC_NO_COMMON_BLOCKS = YES;
				GCC_OPTIMIZATION_LEVEL = 0;
				GCC_PREPROCESSOR_DEFINITIONS = (
					"DEBUG=1",
					"$(inherited)",
				);
				GCC_WARN_64_TO_32_BIT_CONVERSION = YES;
				GCC_WARN_ABOUT_RETURN_TYPE = YES_ERROR;
				GCC_WARN_UNDECLARED_SELECTOR = YES;
				GCC_WARN_UNINITIALIZED_AUTOS = YES_AGGRESSIVE;
				GCC_WARN_UNUSED_FUNCTION = YES;
				GCC_WARN_UNUSED_VARIABLE = YES;
				IPHONEOS_DEPLOYMENT_TARGET = 10.1;
				MTL_ENABLE_DEBUG_INFO = YES;
				ONLY_ACTIVE_ARCH = YES;
				PRODUCT_BUNDLE_IDENTIFIER = com.xicom.Drinks;
				PROVISIONING_PROFILE = "e6cb843a-992c-4258-87bd-50f0b12db4b9";
				SDKROOT = iphoneos;
				SWIFT_ACTIVE_COMPILATION_CONDITIONS = DEBUG;
				SWIFT_OPTIMIZATION_LEVEL = "-Onone";
			};
			name = Debug;
		};
		6399545A1F29AACA0025E9C6 /* Release */ = {
			isa = XCBuildConfiguration;
			buildSettings = {
				ALWAYS_SEARCH_USER_PATHS = NO;
				CLANG_ANALYZER_LOCALIZABILITY_NONLOCALIZED = YES;
				CLANG_ANALYZER_NONNULL = YES;
				CLANG_CXX_LANGUAGE_STANDARD = "gnu++0x";
				CLANG_CXX_LIBRARY = "libc++";
				CLANG_ENABLE_MODULES = YES;
				CLANG_ENABLE_OBJC_ARC = YES;
				CLANG_WARN_BOOL_CONVERSION = YES;
				CLANG_WARN_CONSTANT_CONVERSION = YES;
				CLANG_WARN_DIRECT_OBJC_ISA_USAGE = YES_ERROR;
				CLANG_WARN_DOCUMENTATION_COMMENTS = YES;
				CLANG_WARN_EMPTY_BODY = YES;
				CLANG_WARN_ENUM_CONVERSION = YES;
				CLANG_WARN_INFINITE_RECURSION = YES;
				CLANG_WARN_INT_CONVERSION = YES;
				CLANG_WARN_OBJC_ROOT_CLASS = YES_ERROR;
				CLANG_WARN_SUSPICIOUS_MOVES = YES;
				CLANG_WARN_UNREACHABLE_CODE = YES;
				CLANG_WARN__DUPLICATE_METHOD_MATCH = YES;
				CODE_SIGN_IDENTITY = "iPhone Developer: mohit kashyap (BLAF6RSV2G)";
				"CODE_SIGN_IDENTITY[sdk=iphoneos*]" = "iPhone Developer: mohit kashyap (BLAF6RSV2G)";
				COPY_PHASE_STRIP = NO;
				DEBUG_INFORMATION_FORMAT = "dwarf-with-dsym";
				ENABLE_NS_ASSERTIONS = NO;
				ENABLE_STRICT_OBJC_MSGSEND = YES;
				GCC_C_LANGUAGE_STANDARD = gnu99;
				GCC_NO_COMMON_BLOCKS = YES;
				GCC_WARN_64_TO_32_BIT_CONVERSION = YES;
				GCC_WARN_ABOUT_RETURN_TYPE = YES_ERROR;
				GCC_WARN_UNDECLARED_SELECTOR = YES;
				GCC_WARN_UNINITIALIZED_AUTOS = YES_AGGRESSIVE;
				GCC_WARN_UNUSED_FUNCTION = YES;
				GCC_WARN_UNUSED_VARIABLE = YES;
				IPHONEOS_DEPLOYMENT_TARGET = 10.1;
				MTL_ENABLE_DEBUG_INFO = NO;
				PRODUCT_BUNDLE_IDENTIFIER = com.xicom.Drinks;
				PROVISIONING_PROFILE = "e6cb843a-992c-4258-87bd-50f0b12db4b9";
				SDKROOT = iphoneos;
				SWIFT_OPTIMIZATION_LEVEL = "-Owholemodule";
				VALIDATE_PRODUCT = YES;
			};
			name = Release;
		};
		6399545C1F29AACA0025E9C6 /* Debug */ = {
			isa = XCBuildConfiguration;
			buildSettings = {
				ASSETCATALOG_COMPILER_APPICON_NAME = AppIcon;
				CODE_SIGN_ENTITLEMENTS = Drinks/Drinks.entitlements;
				CODE_SIGN_IDENTITY = "iPhone Developer: mohit kashyap (BLAF6RSV2G)";
				"CODE_SIGN_IDENTITY[sdk=iphoneos*]" = "iPhone Developer: mohit kashyap (BLAF6RSV2G)";
				DEVELOPMENT_TEAM = QV46UN4P88;
				FRAMEWORK_SEARCH_PATHS = (
					"$(inherited)",
					"$(PROJECT_DIR)/Drinks/Libraries/Facebook",
					"$(PROJECT_DIR)/Drinks/Libraries/Google",
				);
				INFOPLIST_FILE = "$(SRCROOT)/Drinks/Info.plist";
				IPHONEOS_DEPLOYMENT_TARGET = 10.1;
				LD_RUNPATH_SEARCH_PATHS = "$(inherited) @executable_path/Frameworks";
				PRODUCT_BUNDLE_IDENTIFIER = com.xicom.drinks;
				PRODUCT_NAME = "$(TARGET_NAME)";
				PROVISIONING_PROFILE = "3a1aedfc-a083-43d3-9c0e-5d3c98241211";
				PROVISIONING_PROFILE_SPECIFIER = Drinks_Dev;
				SWIFT_OBJC_BRIDGING_HEADER = "Drinks/Drinks-Bridging-Header.h";
				SWIFT_VERSION = 3.0;
				TARGETED_DEVICE_FAMILY = 1;
			};
			name = Debug;
		};
		6399545D1F29AACA0025E9C6 /* Release */ = {
			isa = XCBuildConfiguration;
			buildSettings = {
				ASSETCATALOG_COMPILER_APPICON_NAME = AppIcon;
				CODE_SIGN_ENTITLEMENTS = Drinks/Drinks.entitlements;
				CODE_SIGN_IDENTITY = "iPhone Developer: mohit kashyap (BLAF6RSV2G)";
				"CODE_SIGN_IDENTITY[sdk=iphoneos*]" = "iPhone Developer: mohit kashyap (BLAF6RSV2G)";
				DEVELOPMENT_TEAM = QV46UN4P88;
				FRAMEWORK_SEARCH_PATHS = (
					"$(inherited)",
					"$(PROJECT_DIR)/Drinks/Libraries/Facebook",
					"$(PROJECT_DIR)/Drinks/Libraries/Google",
				);
				INFOPLIST_FILE = "$(SRCROOT)/Drinks/Info.plist";
				IPHONEOS_DEPLOYMENT_TARGET = 10.1;
				LD_RUNPATH_SEARCH_PATHS = "$(inherited) @executable_path/Frameworks";
				PRODUCT_BUNDLE_IDENTIFIER = com.xicom.drinks;
				PRODUCT_NAME = "$(TARGET_NAME)";
				PROVISIONING_PROFILE = "3a1aedfc-a083-43d3-9c0e-5d3c98241211";
				PROVISIONING_PROFILE_SPECIFIER = Drinks_Dev;
				SWIFT_OBJC_BRIDGING_HEADER = "Drinks/Drinks-Bridging-Header.h";
				SWIFT_VERSION = 3.0;
				TARGETED_DEVICE_FAMILY = 1;
			};
			name = Release;
		};
		6399545F1F29AACA0025E9C6 /* Debug */ = {
			isa = XCBuildConfiguration;
			buildSettings = {
				ALWAYS_EMBED_SWIFT_STANDARD_LIBRARIES = YES;
				BUNDLE_LOADER = "$(TEST_HOST)";
				INFOPLIST_FILE = DrinksTests/Info.plist;
				LD_RUNPATH_SEARCH_PATHS = "$(inherited) @executable_path/Frameworks @loader_path/Frameworks";
				PRODUCT_BUNDLE_IDENTIFIER = Mani.DrinksTests;
				PRODUCT_NAME = "$(TARGET_NAME)";
				SWIFT_VERSION = 3.0;
				TEST_HOST = "$(BUILT_PRODUCTS_DIR)/Drinks.app/Drinks";
			};
			name = Debug;
		};
		639954601F29AACA0025E9C6 /* Release */ = {
			isa = XCBuildConfiguration;
			buildSettings = {
				ALWAYS_EMBED_SWIFT_STANDARD_LIBRARIES = YES;
				BUNDLE_LOADER = "$(TEST_HOST)";
				INFOPLIST_FILE = DrinksTests/Info.plist;
				LD_RUNPATH_SEARCH_PATHS = "$(inherited) @executable_path/Frameworks @loader_path/Frameworks";
				PRODUCT_BUNDLE_IDENTIFIER = Mani.DrinksTests;
				PRODUCT_NAME = "$(TARGET_NAME)";
				SWIFT_VERSION = 3.0;
				TEST_HOST = "$(BUILT_PRODUCTS_DIR)/Drinks.app/Drinks";
			};
			name = Release;
		};
		639954621F29AACA0025E9C6 /* Debug */ = {
			isa = XCBuildConfiguration;
			buildSettings = {
				ALWAYS_EMBED_SWIFT_STANDARD_LIBRARIES = YES;
				INFOPLIST_FILE = DrinksUITests/Info.plist;
				LD_RUNPATH_SEARCH_PATHS = "$(inherited) @executable_path/Frameworks @loader_path/Frameworks";
				PRODUCT_BUNDLE_IDENTIFIER = Mani.DrinksUITests;
				PRODUCT_NAME = "$(TARGET_NAME)";
				SWIFT_VERSION = 3.0;
				TEST_TARGET_NAME = Drinks;
			};
			name = Debug;
		};
		639954631F29AACA0025E9C6 /* Release */ = {
			isa = XCBuildConfiguration;
			buildSettings = {
				ALWAYS_EMBED_SWIFT_STANDARD_LIBRARIES = YES;
				INFOPLIST_FILE = DrinksUITests/Info.plist;
				LD_RUNPATH_SEARCH_PATHS = "$(inherited) @executable_path/Frameworks @loader_path/Frameworks";
				PRODUCT_BUNDLE_IDENTIFIER = Mani.DrinksUITests;
				PRODUCT_NAME = "$(TARGET_NAME)";
				SWIFT_VERSION = 3.0;
				TEST_TARGET_NAME = Drinks;
			};
			name = Release;
		};
/* End XCBuildConfiguration section */

/* Begin XCConfigurationList section */
		6399542B1F29AAC90025E9C6 /* Build configuration list for PBXProject "Drinks" */ = {
			isa = XCConfigurationList;
			buildConfigurations = (
				639954591F29AACA0025E9C6 /* Debug */,
				6399545A1F29AACA0025E9C6 /* Release */,
			);
			defaultConfigurationIsVisible = 0;
			defaultConfigurationName = Release;
		};
		6399545B1F29AACA0025E9C6 /* Build configuration list for PBXNativeTarget "Drinks" */ = {
			isa = XCConfigurationList;
			buildConfigurations = (
				6399545C1F29AACA0025E9C6 /* Debug */,
				6399545D1F29AACA0025E9C6 /* Release */,
			);
			defaultConfigurationIsVisible = 0;
			defaultConfigurationName = Release;
		};
		6399545E1F29AACA0025E9C6 /* Build configuration list for PBXNativeTarget "DrinksTests" */ = {
			isa = XCConfigurationList;
			buildConfigurations = (
				6399545F1F29AACA0025E9C6 /* Debug */,
				639954601F29AACA0025E9C6 /* Release */,
			);
			defaultConfigurationIsVisible = 0;
			defaultConfigurationName = Release;
		};
		639954611F29AACA0025E9C6 /* Build configuration list for PBXNativeTarget "DrinksUITests" */ = {
			isa = XCConfigurationList;
			buildConfigurations = (
				639954621F29AACA0025E9C6 /* Debug */,
				639954631F29AACA0025E9C6 /* Release */,
			);
			defaultConfigurationIsVisible = 0;
			defaultConfigurationName = Release;
		};
/* End XCConfigurationList section */

/* Begin XCVersionGroup section */
		6399543A1F29AAC90025E9C6 /* Drinks.xcdatamodeld */ = {
			isa = XCVersionGroup;
			children = (
				6399543B1F29AAC90025E9C6 /* Drinks.xcdatamodel */,
			);
			currentVersion = 6399543B1F29AAC90025E9C6 /* Drinks.xcdatamodel */;
			path = Drinks.xcdatamodeld;
			sourceTree = "<group>";
			versionGroupType = wrapper.xcdatamodel;
		};
/* End XCVersionGroup section */
	};
	rootObject = 639954281F29AAC90025E9C6 /* Project object */;
}
